// !$*UTF8*$!
{
	archiveVersion = 1;
	classes = {
	};
	objectVersion = 42;
	objects = {

/* Begin PBXBuildFile section */
		E416CAFD11D43DC400B6836B /* histogramGuiElement.cpp in Sources */ = {isa = PBXBuildFile; fileRef = E416CAFC11D43DC400B6836B /* histogramGuiElement.cpp */; };
		E416CB7C11D44ACC00B6836B /* ofxFBOTexture.cpp in Sources */ = {isa = PBXBuildFile; fileRef = E416CB7A11D44ACC00B6836B /* ofxFBOTexture.cpp */; };
		E45BE0AA0E8CC67C009D7055 /* GLee.a in Frameworks */ = {isa = PBXBuildFile; fileRef = E45BE0A90E8CC67C009D7055 /* GLee.a */; };
		E45BE2E40E8CC69C009D7055 /* rtAudio.a in Frameworks */ = {isa = PBXBuildFile; fileRef = E45BE2E30E8CC69C009D7055 /* rtAudio.a */; };
		E45BE97B0E8CC7DD009D7055 /* AGL.framework in Frameworks */ = {isa = PBXBuildFile; fileRef = E45BE9710E8CC7DD009D7055 /* AGL.framework */; };
		E45BE97C0E8CC7DD009D7055 /* ApplicationServices.framework in Frameworks */ = {isa = PBXBuildFile; fileRef = E45BE9720E8CC7DD009D7055 /* ApplicationServices.framework */; };
		E45BE97D0E8CC7DD009D7055 /* AudioToolbox.framework in Frameworks */ = {isa = PBXBuildFile; fileRef = E45BE9730E8CC7DD009D7055 /* AudioToolbox.framework */; };
		E45BE97E0E8CC7DD009D7055 /* Carbon.framework in Frameworks */ = {isa = PBXBuildFile; fileRef = E45BE9740E8CC7DD009D7055 /* Carbon.framework */; };
		E45BE97F0E8CC7DD009D7055 /* CoreAudio.framework in Frameworks */ = {isa = PBXBuildFile; fileRef = E45BE9750E8CC7DD009D7055 /* CoreAudio.framework */; };
		E45BE9800E8CC7DD009D7055 /* CoreFoundation.framework in Frameworks */ = {isa = PBXBuildFile; fileRef = E45BE9760E8CC7DD009D7055 /* CoreFoundation.framework */; };
		E45BE9810E8CC7DD009D7055 /* CoreServices.framework in Frameworks */ = {isa = PBXBuildFile; fileRef = E45BE9770E8CC7DD009D7055 /* CoreServices.framework */; };
		E45BE9830E8CC7DD009D7055 /* OpenGL.framework in Frameworks */ = {isa = PBXBuildFile; fileRef = E45BE9790E8CC7DD009D7055 /* OpenGL.framework */; };
		E45BE9840E8CC7DD009D7055 /* QuickTime.framework in Frameworks */ = {isa = PBXBuildFile; fileRef = E45BE97A0E8CC7DD009D7055 /* QuickTime.framework */; };
		E498BB9211D52E700099A63E /* scanMesh.cpp in Sources */ = {isa = PBXBuildFile; fileRef = E498BB9011D52E700099A63E /* scanMesh.cpp */; };
		E4B9602811D2F6A5001A61C5 /* ofx3DGraphics.cpp in Sources */ = {isa = PBXBuildFile; fileRef = E4B9600A11D2F6A5001A61C5 /* ofx3DGraphics.cpp */; };
		E4B9602911D2F6A5001A61C5 /* ofxCamera.cpp in Sources */ = {isa = PBXBuildFile; fileRef = E4B9600D11D2F6A5001A61C5 /* ofxCamera.cpp */; };
		E4B9602A11D2F6A5001A61C5 /* ofxLight.cpp in Sources */ = {isa = PBXBuildFile; fileRef = E4B9601011D2F6A5001A61C5 /* ofxLight.cpp */; };
		E4B9602B11D2F6A5001A61C5 /* EnvMap.m in Sources */ = {isa = PBXBuildFile; fileRef = E4B9601511D2F6A5001A61C5 /* EnvMap.m */; };
		E4B9602C11D2F6A5001A61C5 /* Exhibit.m in Sources */ = {isa = PBXBuildFile; fileRef = E4B9601911D2F6A5001A61C5 /* Exhibit.m */; };
		E4B9602D11D2F6A5001A61C5 /* glut_teapot.c in Sources */ = {isa = PBXBuildFile; fileRef = E4B9601A11D2F6A5001A61C5 /* glut_teapot.c */; };
		E4B9602E11D2F6A5001A61C5 /* mat4.c in Sources */ = {isa = PBXBuildFile; fileRef = E4B9601D11D2F6A5001A61C5 /* mat4.c */; };
		E4B9602F11D2F6A5001A61C5 /* main.cpp in Sources */ = {isa = PBXBuildFile; fileRef = E4B9601F11D2F6A5001A61C5 /* main.cpp */; };
		E4B9603011D2F6A5001A61C5 /* scanPlayer.cpp in Sources */ = {isa = PBXBuildFile; fileRef = E4B9602211D2F6A5001A61C5 /* scanPlayer.cpp */; };
		E4B9603111D2F6A5001A61C5 /* threadedScanLoader.cpp in Sources */ = {isa = PBXBuildFile; fileRef = E4B9602411D2F6A5001A61C5 /* threadedScanLoader.cpp */; };
		E4B9603211D2F6A5001A61C5 /* testApp.cpp in Sources */ = {isa = PBXBuildFile; fileRef = E4B9602611D2F6A5001A61C5 /* testApp.cpp */; };
		E4B9607111D2F6D6001A61C5 /* guiBaseObject.cpp in Sources */ = {isa = PBXBuildFile; fileRef = E4B9603C11D2F6D6001A61C5 /* guiBaseObject.cpp */; };
		E4B9607211D2F6D6001A61C5 /* guiCallback.cpp in Sources */ = {isa = PBXBuildFile; fileRef = E4B9603E11D2F6D6001A61C5 /* guiCallback.cpp */; };
		E4B9607311D2F6D6001A61C5 /* guiCallbackValue.cpp in Sources */ = {isa = PBXBuildFile; fileRef = E4B9604011D2F6D6001A61C5 /* guiCallbackValue.cpp */; };
		E4B9607411D2F6D6001A61C5 /* guiColor.cpp in Sources */ = {isa = PBXBuildFile; fileRef = E4B9604211D2F6D6001A61C5 /* guiColor.cpp */; };
		E4B9607511D2F6D6001A61C5 /* guiTextBase.cpp in Sources */ = {isa = PBXBuildFile; fileRef = E4B9604611D2F6D6001A61C5 /* guiTextBase.cpp */; };
		E4B9607611D2F6D6001A61C5 /* guiType2DSlider.cpp in Sources */ = {isa = PBXBuildFile; fileRef = E4B9604811D2F6D6001A61C5 /* guiType2DSlider.cpp */; };
		E4B9607711D2F6D6001A61C5 /* guiTypeButtonSlider.cpp in Sources */ = {isa = PBXBuildFile; fileRef = E4B9604A11D2F6D6001A61C5 /* guiTypeButtonSlider.cpp */; };
		E4B9607811D2F6D6001A61C5 /* guiTypeChartPlotter.cpp in Sources */ = {isa = PBXBuildFile; fileRef = E4B9604C11D2F6D6001A61C5 /* guiTypeChartPlotter.cpp */; };
		E4B9607911D2F6D6001A61C5 /* guiTypeCustom.cpp in Sources */ = {isa = PBXBuildFile; fileRef = E4B9604E11D2F6D6001A61C5 /* guiTypeCustom.cpp */; };
		E4B9607A11D2F6D6001A61C5 /* guiTypeDrawable.cpp in Sources */ = {isa = PBXBuildFile; fileRef = E4B9605011D2F6D6001A61C5 /* guiTypeDrawable.cpp */; };
		E4B9607B11D2F6D6001A61C5 /* guiTypeFileLister.cpp in Sources */ = {isa = PBXBuildFile; fileRef = E4B9605211D2F6D6001A61C5 /* guiTypeFileLister.cpp */; };
		E4B9607C11D2F6D6001A61C5 /* guiTypeLogger.cpp in Sources */ = {isa = PBXBuildFile; fileRef = E4B9605411D2F6D6001A61C5 /* guiTypeLogger.cpp */; };
		E4B9607D11D2F6D6001A61C5 /* guiTypeMultiToggle.cpp in Sources */ = {isa = PBXBuildFile; fileRef = E4B9605611D2F6D6001A61C5 /* guiTypeMultiToggle.cpp */; };
		E4B9607E11D2F6D6001A61C5 /* guiTypePanel.cpp in Sources */ = {isa = PBXBuildFile; fileRef = E4B9605811D2F6D6001A61C5 /* guiTypePanel.cpp */; };
		E4B9607F11D2F6D6001A61C5 /* guiTypeSlider.cpp in Sources */ = {isa = PBXBuildFile; fileRef = E4B9605A11D2F6D6001A61C5 /* guiTypeSlider.cpp */; };
		E4B9608011D2F6D6001A61C5 /* guiTypeText.cpp in Sources */ = {isa = PBXBuildFile; fileRef = E4B9605C11D2F6D6001A61C5 /* guiTypeText.cpp */; };
		E4B9608111D2F6D6001A61C5 /* guiTypeTextDropDown.cpp in Sources */ = {isa = PBXBuildFile; fileRef = E4B9605E11D2F6D6001A61C5 /* guiTypeTextDropDown.cpp */; };
		E4B9608211D2F6D6001A61C5 /* guiTypeToggle.cpp in Sources */ = {isa = PBXBuildFile; fileRef = E4B9606011D2F6D6001A61C5 /* guiTypeToggle.cpp */; };
		E4B9608311D2F6D6001A61C5 /* guiTypeVairableLister.cpp in Sources */ = {isa = PBXBuildFile; fileRef = E4B9606211D2F6D6001A61C5 /* guiTypeVairableLister.cpp */; };
		E4B9608411D2F6D6001A61C5 /* guiTypeVideo.cpp in Sources */ = {isa = PBXBuildFile; fileRef = E4B9606411D2F6D6001A61C5 /* guiTypeVideo.cpp */; };
		E4B9608511D2F6D6001A61C5 /* guiValue.cpp in Sources */ = {isa = PBXBuildFile; fileRef = E4B9606611D2F6D6001A61C5 /* guiValue.cpp */; };
		E4B9608611D2F6D6001A61C5 /* ofxControlPanel.cpp in Sources */ = {isa = PBXBuildFile; fileRef = E4B9606911D2F6D6001A61C5 /* ofxControlPanel.cpp */; };
		E4B9608711D2F6D6001A61C5 /* simpleColor.cpp in Sources */ = {isa = PBXBuildFile; fileRef = E4B9606B11D2F6D6001A61C5 /* simpleColor.cpp */; };
		E4B9608811D2F6D6001A61C5 /* simpleFileLister.cpp in Sources */ = {isa = PBXBuildFile; fileRef = E4B9606D11D2F6D6001A61C5 /* simpleFileLister.cpp */; };
		E4B9608911D2F6D6001A61C5 /* simpleLogger.cpp in Sources */ = {isa = PBXBuildFile; fileRef = E4B9606F11D2F6D6001A61C5 /* simpleLogger.cpp */; };
		E4B9609811D2F6E6001A61C5 /* tinyxml.cpp in Sources */ = {isa = PBXBuildFile; fileRef = E4B9609111D2F6E6001A61C5 /* tinyxml.cpp */; };
		E4B9609911D2F6E6001A61C5 /* tinyxmlerror.cpp in Sources */ = {isa = PBXBuildFile; fileRef = E4B9609311D2F6E6001A61C5 /* tinyxmlerror.cpp */; };
		E4B9609A11D2F6E6001A61C5 /* tinyxmlparser.cpp in Sources */ = {isa = PBXBuildFile; fileRef = E4B9609411D2F6E6001A61C5 /* tinyxmlparser.cpp */; };
		E4B9609B11D2F6E6001A61C5 /* ofxXmlSettings.cpp in Sources */ = {isa = PBXBuildFile; fileRef = E4B9609611D2F6E6001A61C5 /* ofxXmlSettings.cpp */; };
		E4B960B411D2F707001A61C5 /* ofxMatrix3x3.cpp in Sources */ = {isa = PBXBuildFile; fileRef = E4B960A711D2F707001A61C5 /* ofxMatrix3x3.cpp */; };
		E4B960B511D2F707001A61C5 /* ofxMatrix4x4.cpp in Sources */ = {isa = PBXBuildFile; fileRef = E4B960A911D2F707001A61C5 /* ofxMatrix4x4.cpp */; };
		E4B960B611D2F707001A61C5 /* ofxQuaternion.cpp in Sources */ = {isa = PBXBuildFile; fileRef = E4B960AE11D2F707001A61C5 /* ofxQuaternion.cpp */; };
		E4B960BE11D2F710001A61C5 /* ofxDirList.cpp in Sources */ = {isa = PBXBuildFile; fileRef = E4B960BC11D2F710001A61C5 /* ofxDirList.cpp */; };
		E4B960C711D2F729001A61C5 /* ofxThread.cpp in Sources */ = {isa = PBXBuildFile; fileRef = E4B960C511D2F729001A61C5 /* ofxThread.cpp */; };
		E4B960D711D2F778001A61C5 /* EnvMap.rtf in CopyFiles */ = {isa = PBXBuildFile; fileRef = E4B9601611D2F6A5001A61C5 /* EnvMap.rtf */; };
		E4B960D811D2F778001A61C5 /* EnvMap.vert in CopyFiles */ = {isa = PBXBuildFile; fileRef = E4B9601711D2F6A5001A61C5 /* EnvMap.vert */; };
		E4B961B611D30008001A61C5 /* grid.jpg in CopyFiles */ = {isa = PBXBuildFile; fileRef = E4B961B511D30000001A61C5 /* grid.jpg */; };
		E4B961DE11D3011F001A61C5 /* grid2.jpg in CopyFiles */ = {isa = PBXBuildFile; fileRef = E4B961DC11D3011D001A61C5 /* grid2.jpg */; };
		E4B961DF11D3011F001A61C5 /* light.jpg in CopyFiles */ = {isa = PBXBuildFile; fileRef = E4B961DD11D3011D001A61C5 /* light.jpg */; };
		E4B9636211D31B1E001A61C5 /* EnvMap.frag in CopyFiles */ = {isa = PBXBuildFile; fileRef = E4B9601311D2F6A5001A61C5 /* EnvMap.frag */; };
		E4B9636F11D31C2D001A61C5 /* House.jpg in CopyFiles */ = {isa = PBXBuildFile; fileRef = E4B9636E11D31C29001A61C5 /* House.jpg */; };
		E4B9664E11D3E01D001A61C5 /* scanNotifier.cpp in Sources */ = {isa = PBXBuildFile; fileRef = E4B9664D11D3E01D001A61C5 /* scanNotifier.cpp */; };
		E4B9669411D3E041001A61C5 /* osc.a in Frameworks */ = {isa = PBXBuildFile; fileRef = E4B9668811D3E041001A61C5 /* osc.a */; };
		E4B9669511D3E041001A61C5 /* ofxOscBundle.cpp in Sources */ = {isa = PBXBuildFile; fileRef = E4B9668C11D3E041001A61C5 /* ofxOscBundle.cpp */; };
		E4B9669611D3E041001A61C5 /* ofxOscMessage.cpp in Sources */ = {isa = PBXBuildFile; fileRef = E4B9668E11D3E041001A61C5 /* ofxOscMessage.cpp */; };
		E4B9669711D3E041001A61C5 /* ofxOscReceiver.cpp in Sources */ = {isa = PBXBuildFile; fileRef = E4B9669011D3E041001A61C5 /* ofxOscReceiver.cpp */; };
		E4B9669811D3E041001A61C5 /* ofxOscSender.cpp in Sources */ = {isa = PBXBuildFile; fileRef = E4B9669211D3E041001A61C5 /* ofxOscSender.cpp */; };
		E4C2422B10CC554B004149E2 /* openFrameworks.a in Frameworks */ = {isa = PBXBuildFile; fileRef = E4C2421E10CC549C004149E2 /* openFrameworks.a */; };
		E4C2424710CC5A17004149E2 /* AppKit.framework in Frameworks */ = {isa = PBXBuildFile; fileRef = E4C2424410CC5A17004149E2 /* AppKit.framework */; };
		E4C2424810CC5A17004149E2 /* Cocoa.framework in Frameworks */ = {isa = PBXBuildFile; fileRef = E4C2424510CC5A17004149E2 /* Cocoa.framework */; };
		E4C2424910CC5A17004149E2 /* IOKit.framework in Frameworks */ = {isa = PBXBuildFile; fileRef = E4C2424610CC5A17004149E2 /* IOKit.framework */; };
		E4C2426610CC5A78004149E2 /* GLUT.framework in Frameworks */ = {isa = PBXBuildFile; fileRef = E4C2425F10CC5A78004149E2 /* GLUT.framework */; };
		E4C2426B10CC5AA6004149E2 /* GLUT.framework in CopyFiles */ = {isa = PBXBuildFile; fileRef = E4C2425F10CC5A78004149E2 /* GLUT.framework */; };
		E4C2427F10CC5B66004149E2 /* CppUnit.a in Frameworks */ = {isa = PBXBuildFile; fileRef = E4C2427A10CC5B66004149E2 /* CppUnit.a */; };
		E4C2428010CC5B66004149E2 /* PocoFoundation.a in Frameworks */ = {isa = PBXBuildFile; fileRef = E4C2427B10CC5B66004149E2 /* PocoFoundation.a */; };
		E4C2428110CC5B66004149E2 /* PocoNet.a in Frameworks */ = {isa = PBXBuildFile; fileRef = E4C2427C10CC5B66004149E2 /* PocoNet.a */; };
		E4C2428210CC5B66004149E2 /* PocoUtil.a in Frameworks */ = {isa = PBXBuildFile; fileRef = E4C2427D10CC5B66004149E2 /* PocoUtil.a */; };
		E4C2428310CC5B66004149E2 /* PocoXML.a in Frameworks */ = {isa = PBXBuildFile; fileRef = E4C2427E10CC5B66004149E2 /* PocoXML.a */; };
		E4C2429410CC5C38004149E2 /* freetype.a in Frameworks */ = {isa = PBXBuildFile; fileRef = E4C2429310CC5C38004149E2 /* freetype.a */; };
		E4C242CD10CC650E004149E2 /* libfmodex.dylib in Frameworks */ = {isa = PBXBuildFile; fileRef = E4C242CC10CC650E004149E2 /* libfmodex.dylib */; };
		E4C2443910CC7693004149E2 /* openFrameworks-Info.plist in CopyFiles */ = {isa = PBXBuildFile; fileRef = E4B6FCAD0C3E899E008CF71C /* openFrameworks-Info.plist */; };
		E4C246DA10CCAE22004149E2 /* freeimage.a in Frameworks */ = {isa = PBXBuildFile; fileRef = E4C246D910CCAE22004149E2 /* freeimage.a */; };
		E4CAE40511D4F6D500E7E005 /* hdr.jpg in CopyFiles */ = {isa = PBXBuildFile; fileRef = E4CAE40411D4F6AF00E7E005 /* hdr.jpg */; };
/* End PBXBuildFile section */

/* Begin PBXContainerItemProxy section */
		E4C2421D10CC549C004149E2 /* PBXContainerItemProxy */ = {
			isa = PBXContainerItemProxy;
			containerPortal = E4C2421610CC549C004149E2 /* openFrameworksLib.xcodeproj */;
			proxyType = 2;
			remoteGlobalIDString = E4B27C1510CBEB8E00536013;
			remoteInfo = openFrameworks;
		};
		E4C2422710CC54DA004149E2 /* PBXContainerItemProxy */ = {
			isa = PBXContainerItemProxy;
			containerPortal = E4C2421610CC549C004149E2 /* openFrameworksLib.xcodeproj */;
			proxyType = 1;
			remoteGlobalIDString = E4B27C1410CBEB8E00536013;
			remoteInfo = openFrameworks;
		};
/* End PBXContainerItemProxy section */

/* Begin PBXCopyFilesBuildPhase section */
		E4B960E611D2F783001A61C5 /* CopyFiles */ = {
			isa = PBXCopyFilesBuildPhase;
			buildActionMask = 2147483647;
			dstPath = "";
			dstSubfolderSpec = 7;
			files = (
				E4CAE40511D4F6D500E7E005 /* hdr.jpg in CopyFiles */,
				E4B9636F11D31C2D001A61C5 /* House.jpg in CopyFiles */,
				E4B9636211D31B1E001A61C5 /* EnvMap.frag in CopyFiles */,
				E4B961DE11D3011F001A61C5 /* grid2.jpg in CopyFiles */,
				E4B961DF11D3011F001A61C5 /* light.jpg in CopyFiles */,
				E4B961B611D30008001A61C5 /* grid.jpg in CopyFiles */,
				E4B960D711D2F778001A61C5 /* EnvMap.rtf in CopyFiles */,
				E4B960D811D2F778001A61C5 /* EnvMap.vert in CopyFiles */,
			);
			runOnlyForDeploymentPostprocessing = 0;
		};
		E4C2427710CC5ABF004149E2 /* CopyFiles */ = {
			isa = PBXCopyFilesBuildPhase;
			buildActionMask = 2147483647;
			dstPath = "";
			dstSubfolderSpec = 10;
			files = (
				E4C2426B10CC5AA6004149E2 /* GLUT.framework in CopyFiles */,
			);
			runOnlyForDeploymentPostprocessing = 0;
		};
		E4C2444710CC769B004149E2 /* CopyFiles */ = {
			isa = PBXCopyFilesBuildPhase;
			buildActionMask = 2147483647;
			dstPath = "";
			dstSubfolderSpec = 7;
			files = (
				E4C2443910CC7693004149E2 /* openFrameworks-Info.plist in CopyFiles */,
			);
			runOnlyForDeploymentPostprocessing = 0;
		};
/* End PBXCopyFilesBuildPhase section */

/* Begin PBXFileReference section */
		E416CAFB11D43DC400B6836B /* histogramGuiElement.h */ = {isa = PBXFileReference; fileEncoding = 4; lastKnownFileType = sourcecode.c.h; path = histogramGuiElement.h; sourceTree = "<group>"; };
		E416CAFC11D43DC400B6836B /* histogramGuiElement.cpp */ = {isa = PBXFileReference; fileEncoding = 4; lastKnownFileType = sourcecode.cpp.cpp; path = histogramGuiElement.cpp; sourceTree = "<group>"; };
		E416CB7A11D44ACC00B6836B /* ofxFBOTexture.cpp */ = {isa = PBXFileReference; fileEncoding = 4; lastKnownFileType = sourcecode.cpp.cpp; name = ofxFBOTexture.cpp; path = src/addons/ofxFBOTexture/ofxFBOTexture.cpp; sourceTree = SOURCE_ROOT; };
		E416CB7B11D44ACC00B6836B /* ofxFBOTexture.h */ = {isa = PBXFileReference; fileEncoding = 4; lastKnownFileType = sourcecode.c.h; name = ofxFBOTexture.h; path = src/addons/ofxFBOTexture/ofxFBOTexture.h; sourceTree = SOURCE_ROOT; };
		E45BE0390E8CC647009D7055 /* FreeImage.h */ = {isa = PBXFileReference; fileEncoding = 4; lastKnownFileType = sourcecode.c.h; name = FreeImage.h; path = ../../../libs/freeimage/include/FreeImage.h; sourceTree = SOURCE_ROOT; };
		E45BE03F0E8CC650009D7055 /* fmod.h */ = {isa = PBXFileReference; fileEncoding = 4; lastKnownFileType = sourcecode.c.h; name = fmod.h; path = ../../../libs/fmodex/include/fmod.h; sourceTree = SOURCE_ROOT; };
		E45BE0400E8CC650009D7055 /* fmod.hpp */ = {isa = PBXFileReference; fileEncoding = 4; lastKnownFileType = sourcecode.cpp.h; name = fmod.hpp; path = ../../../libs/fmodex/include/fmod.hpp; sourceTree = SOURCE_ROOT; };
		E45BE0410E8CC650009D7055 /* fmod_codec.h */ = {isa = PBXFileReference; fileEncoding = 4; lastKnownFileType = sourcecode.c.h; name = fmod_codec.h; path = ../../../libs/fmodex/include/fmod_codec.h; sourceTree = SOURCE_ROOT; };
		E45BE0420E8CC650009D7055 /* fmod_dsp.h */ = {isa = PBXFileReference; fileEncoding = 4; lastKnownFileType = sourcecode.c.h; name = fmod_dsp.h; path = ../../../libs/fmodex/include/fmod_dsp.h; sourceTree = SOURCE_ROOT; };
		E45BE0430E8CC650009D7055 /* fmod_errors.h */ = {isa = PBXFileReference; fileEncoding = 4; lastKnownFileType = sourcecode.c.h; name = fmod_errors.h; path = ../../../libs/fmodex/include/fmod_errors.h; sourceTree = SOURCE_ROOT; };
		E45BE0440E8CC650009D7055 /* fmod_output.h */ = {isa = PBXFileReference; fileEncoding = 4; lastKnownFileType = sourcecode.c.h; name = fmod_output.h; path = ../../../libs/fmodex/include/fmod_output.h; sourceTree = SOURCE_ROOT; };
		E45BE0A70E8CC67C009D7055 /* GLee.h */ = {isa = PBXFileReference; fileEncoding = 4; lastKnownFileType = sourcecode.c.h; name = GLee.h; path = ../../../libs/GLee/include/GLee.h; sourceTree = SOURCE_ROOT; };
		E45BE0A90E8CC67C009D7055 /* GLee.a */ = {isa = PBXFileReference; lastKnownFileType = archive.ar; name = GLee.a; path = ../../../libs/GLee/lib/osx/GLee.a; sourceTree = SOURCE_ROOT; };
		E45BE2E00E8CC69C009D7055 /* RtAudio.h */ = {isa = PBXFileReference; fileEncoding = 4; lastKnownFileType = sourcecode.c.h; name = RtAudio.h; path = ../../../libs/rtAudio/include/RtAudio.h; sourceTree = SOURCE_ROOT; };
		E45BE2E10E8CC69C009D7055 /* RtError.h */ = {isa = PBXFileReference; fileEncoding = 4; lastKnownFileType = sourcecode.c.h; name = RtError.h; path = ../../../libs/rtAudio/include/RtError.h; sourceTree = SOURCE_ROOT; };
		E45BE2E30E8CC69C009D7055 /* rtAudio.a */ = {isa = PBXFileReference; lastKnownFileType = archive.ar; name = rtAudio.a; path = ../../../libs/rtAudio/lib/osx/rtAudio.a; sourceTree = SOURCE_ROOT; };
		E45BE9710E8CC7DD009D7055 /* AGL.framework */ = {isa = PBXFileReference; lastKnownFileType = wrapper.framework; name = AGL.framework; path = /System/Library/Frameworks/AGL.framework; sourceTree = "<absolute>"; };
		E45BE9720E8CC7DD009D7055 /* ApplicationServices.framework */ = {isa = PBXFileReference; lastKnownFileType = wrapper.framework; name = ApplicationServices.framework; path = /System/Library/Frameworks/ApplicationServices.framework; sourceTree = "<absolute>"; };
		E45BE9730E8CC7DD009D7055 /* AudioToolbox.framework */ = {isa = PBXFileReference; lastKnownFileType = wrapper.framework; name = AudioToolbox.framework; path = /System/Library/Frameworks/AudioToolbox.framework; sourceTree = "<absolute>"; };
		E45BE9740E8CC7DD009D7055 /* Carbon.framework */ = {isa = PBXFileReference; lastKnownFileType = wrapper.framework; name = Carbon.framework; path = /System/Library/Frameworks/Carbon.framework; sourceTree = "<absolute>"; };
		E45BE9750E8CC7DD009D7055 /* CoreAudio.framework */ = {isa = PBXFileReference; lastKnownFileType = wrapper.framework; name = CoreAudio.framework; path = /System/Library/Frameworks/CoreAudio.framework; sourceTree = "<absolute>"; };
		E45BE9760E8CC7DD009D7055 /* CoreFoundation.framework */ = {isa = PBXFileReference; lastKnownFileType = wrapper.framework; name = CoreFoundation.framework; path = /System/Library/Frameworks/CoreFoundation.framework; sourceTree = "<absolute>"; };
		E45BE9770E8CC7DD009D7055 /* CoreServices.framework */ = {isa = PBXFileReference; lastKnownFileType = wrapper.framework; name = CoreServices.framework; path = /System/Library/Frameworks/CoreServices.framework; sourceTree = "<absolute>"; };
		E45BE9790E8CC7DD009D7055 /* OpenGL.framework */ = {isa = PBXFileReference; lastKnownFileType = wrapper.framework; name = OpenGL.framework; path = /System/Library/Frameworks/OpenGL.framework; sourceTree = "<absolute>"; };
		E45BE97A0E8CC7DD009D7055 /* QuickTime.framework */ = {isa = PBXFileReference; lastKnownFileType = wrapper.framework; name = QuickTime.framework; path = /System/Library/Frameworks/QuickTime.framework; sourceTree = "<absolute>"; };
		E498BB9011D52E700099A63E /* scanMesh.cpp */ = {isa = PBXFileReference; fileEncoding = 4; lastKnownFileType = sourcecode.cpp.cpp; name = scanMesh.cpp; path = src/player/scanMesh.cpp; sourceTree = SOURCE_ROOT; };
		E498BB9111D52E700099A63E /* scanMesh.h */ = {isa = PBXFileReference; fileEncoding = 4; lastKnownFileType = sourcecode.c.h; name = scanMesh.h; path = src/player/scanMesh.h; sourceTree = SOURCE_ROOT; };
		E4B69B5B0A3A1756003C02F2 /* emptyExample.app */ = {isa = PBXFileReference; explicitFileType = wrapper.application; includeInIndex = 0; path = emptyExample.app; sourceTree = BUILT_PRODUCTS_DIR; };
		E4B6FCAD0C3E899E008CF71C /* openFrameworks-Info.plist */ = {isa = PBXFileReference; fileEncoding = 30; lastKnownFileType = text.plist.xml; path = "openFrameworks-Info.plist"; sourceTree = "<group>"; };
		E4B9600A11D2F6A5001A61C5 /* ofx3DGraphics.cpp */ = {isa = PBXFileReference; fileEncoding = 4; lastKnownFileType = sourcecode.cpp.cpp; name = ofx3DGraphics.cpp; path = src/addons/ofx3DUtils/src/ofx3DGraphics.cpp; sourceTree = SOURCE_ROOT; };
		E4B9600B11D2F6A5001A61C5 /* ofx3DGraphics.h */ = {isa = PBXFileReference; fileEncoding = 4; lastKnownFileType = sourcecode.c.h; name = ofx3DGraphics.h; path = src/addons/ofx3DUtils/src/ofx3DGraphics.h; sourceTree = SOURCE_ROOT; };
		E4B9600C11D2F6A5001A61C5 /* ofx3DUtils.h */ = {isa = PBXFileReference; fileEncoding = 4; lastKnownFileType = sourcecode.c.h; name = ofx3DUtils.h; path = src/addons/ofx3DUtils/src/ofx3DUtils.h; sourceTree = SOURCE_ROOT; };
		E4B9600D11D2F6A5001A61C5 /* ofxCamera.cpp */ = {isa = PBXFileReference; fileEncoding = 4; lastKnownFileType = sourcecode.cpp.cpp; name = ofxCamera.cpp; path = src/addons/ofx3DUtils/src/ofxCamera.cpp; sourceTree = SOURCE_ROOT; };
		E4B9600E11D2F6A5001A61C5 /* ofxCamera.h */ = {isa = PBXFileReference; fileEncoding = 4; lastKnownFileType = sourcecode.c.h; name = ofxCamera.h; path = src/addons/ofx3DUtils/src/ofxCamera.h; sourceTree = SOURCE_ROOT; };
		E4B9600F11D2F6A5001A61C5 /* ofxEasyCam.h */ = {isa = PBXFileReference; fileEncoding = 4; lastKnownFileType = sourcecode.c.h; name = ofxEasyCam.h; path = src/addons/ofx3DUtils/src/ofxEasyCam.h; sourceTree = SOURCE_ROOT; };
		E4B9601011D2F6A5001A61C5 /* ofxLight.cpp */ = {isa = PBXFileReference; fileEncoding = 4; lastKnownFileType = sourcecode.cpp.cpp; name = ofxLight.cpp; path = src/addons/ofx3DUtils/src/ofxLight.cpp; sourceTree = SOURCE_ROOT; };
		E4B9601111D2F6A5001A61C5 /* ofxLight.h */ = {isa = PBXFileReference; fileEncoding = 4; lastKnownFileType = sourcecode.c.h; name = ofxLight.h; path = src/addons/ofx3DUtils/src/ofxLight.h; sourceTree = SOURCE_ROOT; };
		E4B9601311D2F6A5001A61C5 /* EnvMap.frag */ = {isa = PBXFileReference; fileEncoding = 4; lastKnownFileType = text; name = EnvMap.frag; path = src/envMapping/EnvMap.frag; sourceTree = SOURCE_ROOT; };
		E4B9601411D2F6A5001A61C5 /* EnvMap.h */ = {isa = PBXFileReference; fileEncoding = 4; lastKnownFileType = sourcecode.c.h; name = EnvMap.h; path = src/envMapping/EnvMap.h; sourceTree = SOURCE_ROOT; };
		E4B9601511D2F6A5001A61C5 /* EnvMap.m */ = {isa = PBXFileReference; fileEncoding = 4; lastKnownFileType = sourcecode.c.objc; name = EnvMap.m; path = src/envMapping/EnvMap.m; sourceTree = SOURCE_ROOT; };
		E4B9601611D2F6A5001A61C5 /* EnvMap.rtf */ = {isa = PBXFileReference; lastKnownFileType = text.rtf; name = EnvMap.rtf; path = src/envMapping/EnvMap.rtf; sourceTree = SOURCE_ROOT; };
		E4B9601711D2F6A5001A61C5 /* EnvMap.vert */ = {isa = PBXFileReference; fileEncoding = 4; lastKnownFileType = text; name = EnvMap.vert; path = src/envMapping/EnvMap.vert; sourceTree = SOURCE_ROOT; };
		E4B9601811D2F6A5001A61C5 /* Exhibit.h */ = {isa = PBXFileReference; fileEncoding = 4; lastKnownFileType = sourcecode.c.h; name = Exhibit.h; path = src/envMapping/Exhibit.h; sourceTree = SOURCE_ROOT; };
		E4B9601911D2F6A5001A61C5 /* Exhibit.m */ = {isa = PBXFileReference; fileEncoding = 4; lastKnownFileType = sourcecode.c.objc; name = Exhibit.m; path = src/envMapping/Exhibit.m; sourceTree = SOURCE_ROOT; };
		E4B9601A11D2F6A5001A61C5 /* glut_teapot.c */ = {isa = PBXFileReference; fileEncoding = 4; lastKnownFileType = sourcecode.c.c; name = glut_teapot.c; path = src/envMapping/glut_teapot.c; sourceTree = SOURCE_ROOT; };
		E4B9601B11D2F6A5001A61C5 /* glut_teapot.h */ = {isa = PBXFileReference; fileEncoding = 4; lastKnownFileType = sourcecode.c.h; name = glut_teapot.h; path = src/envMapping/glut_teapot.h; sourceTree = SOURCE_ROOT; };
		E4B9601D11D2F6A5001A61C5 /* mat4.c */ = {isa = PBXFileReference; fileEncoding = 4; lastKnownFileType = sourcecode.c.c; name = mat4.c; path = src/envMapping/mat4.c; sourceTree = SOURCE_ROOT; };
		E4B9601E11D2F6A5001A61C5 /* mat4.h */ = {isa = PBXFileReference; fileEncoding = 4; lastKnownFileType = sourcecode.c.h; name = mat4.h; path = src/envMapping/mat4.h; sourceTree = SOURCE_ROOT; };
		E4B9601F11D2F6A5001A61C5 /* main.cpp */ = {isa = PBXFileReference; fileEncoding = 4; lastKnownFileType = sourcecode.cpp.cpp; path = main.cpp; sourceTree = "<group>"; };
		E4B9602211D2F6A5001A61C5 /* scanPlayer.cpp */ = {isa = PBXFileReference; fileEncoding = 4; lastKnownFileType = sourcecode.cpp.cpp; name = scanPlayer.cpp; path = src/player/scanPlayer.cpp; sourceTree = SOURCE_ROOT; };
		E4B9602311D2F6A5001A61C5 /* scanPlayer.h */ = {isa = PBXFileReference; fileEncoding = 4; lastKnownFileType = sourcecode.c.h; name = scanPlayer.h; path = src/player/scanPlayer.h; sourceTree = SOURCE_ROOT; };
		E4B9602411D2F6A5001A61C5 /* threadedScanLoader.cpp */ = {isa = PBXFileReference; fileEncoding = 4; lastKnownFileType = sourcecode.cpp.cpp; name = threadedScanLoader.cpp; path = src/player/threadedScanLoader.cpp; sourceTree = SOURCE_ROOT; };
		E4B9602511D2F6A5001A61C5 /* threadedScanLoader.h */ = {isa = PBXFileReference; fileEncoding = 4; lastKnownFileType = sourcecode.c.h; name = threadedScanLoader.h; path = src/player/threadedScanLoader.h; sourceTree = SOURCE_ROOT; };
		E4B9602611D2F6A5001A61C5 /* testApp.cpp */ = {isa = PBXFileReference; fileEncoding = 4; lastKnownFileType = sourcecode.cpp.cpp; name = testApp.cpp; path = src/testApp.cpp; sourceTree = SOURCE_ROOT; };
		E4B9602711D2F6A5001A61C5 /* testApp.h */ = {isa = PBXFileReference; fileEncoding = 4; lastKnownFileType = sourcecode.c.h; name = testApp.h; path = src/testApp.h; sourceTree = SOURCE_ROOT; };
		E4B9603C11D2F6D6001A61C5 /* guiBaseObject.cpp */ = {isa = PBXFileReference; fileEncoding = 4; lastKnownFileType = sourcecode.cpp.cpp; name = guiBaseObject.cpp; path = src/addons/ofxControlPanel/src/guiBaseObject.cpp; sourceTree = SOURCE_ROOT; };
		E4B9603D11D2F6D6001A61C5 /* guiBaseObject.h */ = {isa = PBXFileReference; fileEncoding = 4; lastKnownFileType = sourcecode.c.h; name = guiBaseObject.h; path = src/addons/ofxControlPanel/src/guiBaseObject.h; sourceTree = SOURCE_ROOT; };
		E4B9603E11D2F6D6001A61C5 /* guiCallback.cpp */ = {isa = PBXFileReference; fileEncoding = 4; lastKnownFileType = sourcecode.cpp.cpp; name = guiCallback.cpp; path = src/addons/ofxControlPanel/src/guiCallback.cpp; sourceTree = SOURCE_ROOT; };
		E4B9603F11D2F6D6001A61C5 /* guiCallback.h */ = {isa = PBXFileReference; fileEncoding = 4; lastKnownFileType = sourcecode.c.h; name = guiCallback.h; path = src/addons/ofxControlPanel/src/guiCallback.h; sourceTree = SOURCE_ROOT; };
		E4B9604011D2F6D6001A61C5 /* guiCallbackValue.cpp */ = {isa = PBXFileReference; fileEncoding = 4; lastKnownFileType = sourcecode.cpp.cpp; name = guiCallbackValue.cpp; path = src/addons/ofxControlPanel/src/guiCallbackValue.cpp; sourceTree = SOURCE_ROOT; };
		E4B9604111D2F6D6001A61C5 /* guiCallbackValue.h */ = {isa = PBXFileReference; fileEncoding = 4; lastKnownFileType = sourcecode.c.h; name = guiCallbackValue.h; path = src/addons/ofxControlPanel/src/guiCallbackValue.h; sourceTree = SOURCE_ROOT; };
		E4B9604211D2F6D6001A61C5 /* guiColor.cpp */ = {isa = PBXFileReference; fileEncoding = 4; lastKnownFileType = sourcecode.cpp.cpp; name = guiColor.cpp; path = src/addons/ofxControlPanel/src/guiColor.cpp; sourceTree = SOURCE_ROOT; };
		E4B9604311D2F6D6001A61C5 /* guiColor.h */ = {isa = PBXFileReference; fileEncoding = 4; lastKnownFileType = sourcecode.c.h; name = guiColor.h; path = src/addons/ofxControlPanel/src/guiColor.h; sourceTree = SOURCE_ROOT; };
		E4B9604411D2F6D6001A61C5 /* guiCustomImpl.h */ = {isa = PBXFileReference; fileEncoding = 4; lastKnownFileType = sourcecode.c.h; name = guiCustomImpl.h; path = src/addons/ofxControlPanel/src/guiCustomImpl.h; sourceTree = SOURCE_ROOT; };
		E4B9604511D2F6D6001A61C5 /* guiIncludes.h */ = {isa = PBXFileReference; fileEncoding = 4; lastKnownFileType = sourcecode.c.h; name = guiIncludes.h; path = src/addons/ofxControlPanel/src/guiIncludes.h; sourceTree = SOURCE_ROOT; };
		E4B9604611D2F6D6001A61C5 /* guiTextBase.cpp */ = {isa = PBXFileReference; fileEncoding = 4; lastKnownFileType = sourcecode.cpp.cpp; name = guiTextBase.cpp; path = src/addons/ofxControlPanel/src/guiTextBase.cpp; sourceTree = SOURCE_ROOT; };
		E4B9604711D2F6D6001A61C5 /* guiTextBase.h */ = {isa = PBXFileReference; fileEncoding = 4; lastKnownFileType = sourcecode.c.h; name = guiTextBase.h; path = src/addons/ofxControlPanel/src/guiTextBase.h; sourceTree = SOURCE_ROOT; };
		E4B9604811D2F6D6001A61C5 /* guiType2DSlider.cpp */ = {isa = PBXFileReference; fileEncoding = 4; lastKnownFileType = sourcecode.cpp.cpp; name = guiType2DSlider.cpp; path = src/addons/ofxControlPanel/src/guiType2DSlider.cpp; sourceTree = SOURCE_ROOT; };
		E4B9604911D2F6D6001A61C5 /* guiType2DSlider.h */ = {isa = PBXFileReference; fileEncoding = 4; lastKnownFileType = sourcecode.c.h; name = guiType2DSlider.h; path = src/addons/ofxControlPanel/src/guiType2DSlider.h; sourceTree = SOURCE_ROOT; };
		E4B9604A11D2F6D6001A61C5 /* guiTypeButtonSlider.cpp */ = {isa = PBXFileReference; fileEncoding = 4; lastKnownFileType = sourcecode.cpp.cpp; name = guiTypeButtonSlider.cpp; path = src/addons/ofxControlPanel/src/guiTypeButtonSlider.cpp; sourceTree = SOURCE_ROOT; };
		E4B9604B11D2F6D6001A61C5 /* guiTypeButtonSlider.h */ = {isa = PBXFileReference; fileEncoding = 4; lastKnownFileType = sourcecode.c.h; name = guiTypeButtonSlider.h; path = src/addons/ofxControlPanel/src/guiTypeButtonSlider.h; sourceTree = SOURCE_ROOT; };
		E4B9604C11D2F6D6001A61C5 /* guiTypeChartPlotter.cpp */ = {isa = PBXFileReference; fileEncoding = 4; lastKnownFileType = sourcecode.cpp.cpp; name = guiTypeChartPlotter.cpp; path = src/addons/ofxControlPanel/src/guiTypeChartPlotter.cpp; sourceTree = SOURCE_ROOT; };
		E4B9604D11D2F6D6001A61C5 /* guiTypeChartPlotter.h */ = {isa = PBXFileReference; fileEncoding = 4; lastKnownFileType = sourcecode.c.h; name = guiTypeChartPlotter.h; path = src/addons/ofxControlPanel/src/guiTypeChartPlotter.h; sourceTree = SOURCE_ROOT; };
		E4B9604E11D2F6D6001A61C5 /* guiTypeCustom.cpp */ = {isa = PBXFileReference; fileEncoding = 4; lastKnownFileType = sourcecode.cpp.cpp; name = guiTypeCustom.cpp; path = src/addons/ofxControlPanel/src/guiTypeCustom.cpp; sourceTree = SOURCE_ROOT; };
		E4B9604F11D2F6D6001A61C5 /* guiTypeCustom.h */ = {isa = PBXFileReference; fileEncoding = 4; lastKnownFileType = sourcecode.c.h; name = guiTypeCustom.h; path = src/addons/ofxControlPanel/src/guiTypeCustom.h; sourceTree = SOURCE_ROOT; };
		E4B9605011D2F6D6001A61C5 /* guiTypeDrawable.cpp */ = {isa = PBXFileReference; fileEncoding = 4; lastKnownFileType = sourcecode.cpp.cpp; name = guiTypeDrawable.cpp; path = src/addons/ofxControlPanel/src/guiTypeDrawable.cpp; sourceTree = SOURCE_ROOT; };
		E4B9605111D2F6D6001A61C5 /* guiTypeDrawable.h */ = {isa = PBXFileReference; fileEncoding = 4; lastKnownFileType = sourcecode.c.h; name = guiTypeDrawable.h; path = src/addons/ofxControlPanel/src/guiTypeDrawable.h; sourceTree = SOURCE_ROOT; };
		E4B9605211D2F6D6001A61C5 /* guiTypeFileLister.cpp */ = {isa = PBXFileReference; fileEncoding = 4; lastKnownFileType = sourcecode.cpp.cpp; name = guiTypeFileLister.cpp; path = src/addons/ofxControlPanel/src/guiTypeFileLister.cpp; sourceTree = SOURCE_ROOT; };
		E4B9605311D2F6D6001A61C5 /* guiTypeFileLister.h */ = {isa = PBXFileReference; fileEncoding = 4; lastKnownFileType = sourcecode.c.h; name = guiTypeFileLister.h; path = src/addons/ofxControlPanel/src/guiTypeFileLister.h; sourceTree = SOURCE_ROOT; };
		E4B9605411D2F6D6001A61C5 /* guiTypeLogger.cpp */ = {isa = PBXFileReference; fileEncoding = 4; lastKnownFileType = sourcecode.cpp.cpp; name = guiTypeLogger.cpp; path = src/addons/ofxControlPanel/src/guiTypeLogger.cpp; sourceTree = SOURCE_ROOT; };
		E4B9605511D2F6D6001A61C5 /* guiTypeLogger.h */ = {isa = PBXFileReference; fileEncoding = 4; lastKnownFileType = sourcecode.c.h; name = guiTypeLogger.h; path = src/addons/ofxControlPanel/src/guiTypeLogger.h; sourceTree = SOURCE_ROOT; };
		E4B9605611D2F6D6001A61C5 /* guiTypeMultiToggle.cpp */ = {isa = PBXFileReference; fileEncoding = 4; lastKnownFileType = sourcecode.cpp.cpp; name = guiTypeMultiToggle.cpp; path = src/addons/ofxControlPanel/src/guiTypeMultiToggle.cpp; sourceTree = SOURCE_ROOT; };
		E4B9605711D2F6D6001A61C5 /* guiTypeMultiToggle.h */ = {isa = PBXFileReference; fileEncoding = 4; lastKnownFileType = sourcecode.c.h; name = guiTypeMultiToggle.h; path = src/addons/ofxControlPanel/src/guiTypeMultiToggle.h; sourceTree = SOURCE_ROOT; };
		E4B9605811D2F6D6001A61C5 /* guiTypePanel.cpp */ = {isa = PBXFileReference; fileEncoding = 4; lastKnownFileType = sourcecode.cpp.cpp; name = guiTypePanel.cpp; path = src/addons/ofxControlPanel/src/guiTypePanel.cpp; sourceTree = SOURCE_ROOT; };
		E4B9605911D2F6D6001A61C5 /* guiTypePanel.h */ = {isa = PBXFileReference; fileEncoding = 4; lastKnownFileType = sourcecode.c.h; name = guiTypePanel.h; path = src/addons/ofxControlPanel/src/guiTypePanel.h; sourceTree = SOURCE_ROOT; };
		E4B9605A11D2F6D6001A61C5 /* guiTypeSlider.cpp */ = {isa = PBXFileReference; fileEncoding = 4; lastKnownFileType = sourcecode.cpp.cpp; name = guiTypeSlider.cpp; path = src/addons/ofxControlPanel/src/guiTypeSlider.cpp; sourceTree = SOURCE_ROOT; };
		E4B9605B11D2F6D6001A61C5 /* guiTypeSlider.h */ = {isa = PBXFileReference; fileEncoding = 4; lastKnownFileType = sourcecode.c.h; name = guiTypeSlider.h; path = src/addons/ofxControlPanel/src/guiTypeSlider.h; sourceTree = SOURCE_ROOT; };
		E4B9605C11D2F6D6001A61C5 /* guiTypeText.cpp */ = {isa = PBXFileReference; fileEncoding = 4; lastKnownFileType = sourcecode.cpp.cpp; name = guiTypeText.cpp; path = src/addons/ofxControlPanel/src/guiTypeText.cpp; sourceTree = SOURCE_ROOT; };
		E4B9605D11D2F6D6001A61C5 /* guiTypeText.h */ = {isa = PBXFileReference; fileEncoding = 4; lastKnownFileType = sourcecode.c.h; name = guiTypeText.h; path = src/addons/ofxControlPanel/src/guiTypeText.h; sourceTree = SOURCE_ROOT; };
		E4B9605E11D2F6D6001A61C5 /* guiTypeTextDropDown.cpp */ = {isa = PBXFileReference; fileEncoding = 4; lastKnownFileType = sourcecode.cpp.cpp; name = guiTypeTextDropDown.cpp; path = src/addons/ofxControlPanel/src/guiTypeTextDropDown.cpp; sourceTree = SOURCE_ROOT; };
		E4B9605F11D2F6D6001A61C5 /* guiTypeTextDropDown.h */ = {isa = PBXFileReference; fileEncoding = 4; lastKnownFileType = sourcecode.c.h; name = guiTypeTextDropDown.h; path = src/addons/ofxControlPanel/src/guiTypeTextDropDown.h; sourceTree = SOURCE_ROOT; };
		E4B9606011D2F6D6001A61C5 /* guiTypeToggle.cpp */ = {isa = PBXFileReference; fileEncoding = 4; lastKnownFileType = sourcecode.cpp.cpp; name = guiTypeToggle.cpp; path = src/addons/ofxControlPanel/src/guiTypeToggle.cpp; sourceTree = SOURCE_ROOT; };
		E4B9606111D2F6D6001A61C5 /* guiTypeToggle.h */ = {isa = PBXFileReference; fileEncoding = 4; lastKnownFileType = sourcecode.c.h; name = guiTypeToggle.h; path = src/addons/ofxControlPanel/src/guiTypeToggle.h; sourceTree = SOURCE_ROOT; };
		E4B9606211D2F6D6001A61C5 /* guiTypeVairableLister.cpp */ = {isa = PBXFileReference; fileEncoding = 4; lastKnownFileType = sourcecode.cpp.cpp; name = guiTypeVairableLister.cpp; path = src/addons/ofxControlPanel/src/guiTypeVairableLister.cpp; sourceTree = SOURCE_ROOT; };
		E4B9606311D2F6D6001A61C5 /* guiTypeVairableLister.h */ = {isa = PBXFileReference; fileEncoding = 4; lastKnownFileType = sourcecode.c.h; name = guiTypeVairableLister.h; path = src/addons/ofxControlPanel/src/guiTypeVairableLister.h; sourceTree = SOURCE_ROOT; };
		E4B9606411D2F6D6001A61C5 /* guiTypeVideo.cpp */ = {isa = PBXFileReference; fileEncoding = 4; lastKnownFileType = sourcecode.cpp.cpp; name = guiTypeVideo.cpp; path = src/addons/ofxControlPanel/src/guiTypeVideo.cpp; sourceTree = SOURCE_ROOT; };
		E4B9606511D2F6D6001A61C5 /* guiTypeVideo.h */ = {isa = PBXFileReference; fileEncoding = 4; lastKnownFileType = sourcecode.c.h; name = guiTypeVideo.h; path = src/addons/ofxControlPanel/src/guiTypeVideo.h; sourceTree = SOURCE_ROOT; };
		E4B9606611D2F6D6001A61C5 /* guiValue.cpp */ = {isa = PBXFileReference; fileEncoding = 4; lastKnownFileType = sourcecode.cpp.cpp; name = guiValue.cpp; path = src/addons/ofxControlPanel/src/guiValue.cpp; sourceTree = SOURCE_ROOT; };
		E4B9606711D2F6D6001A61C5 /* guiValue.h */ = {isa = PBXFileReference; fileEncoding = 4; lastKnownFileType = sourcecode.c.h; name = guiValue.h; path = src/addons/ofxControlPanel/src/guiValue.h; sourceTree = SOURCE_ROOT; };
		E4B9606811D2F6D6001A61C5 /* guiVariablePointer.h */ = {isa = PBXFileReference; fileEncoding = 4; lastKnownFileType = sourcecode.c.h; name = guiVariablePointer.h; path = src/addons/ofxControlPanel/src/guiVariablePointer.h; sourceTree = SOURCE_ROOT; };
		E4B9606911D2F6D6001A61C5 /* ofxControlPanel.cpp */ = {isa = PBXFileReference; fileEncoding = 4; lastKnownFileType = sourcecode.cpp.cpp; name = ofxControlPanel.cpp; path = src/addons/ofxControlPanel/src/ofxControlPanel.cpp; sourceTree = SOURCE_ROOT; };
		E4B9606A11D2F6D6001A61C5 /* ofxControlPanel.h */ = {isa = PBXFileReference; fileEncoding = 4; lastKnownFileType = sourcecode.c.h; name = ofxControlPanel.h; path = src/addons/ofxControlPanel/src/ofxControlPanel.h; sourceTree = SOURCE_ROOT; };
		E4B9606B11D2F6D6001A61C5 /* simpleColor.cpp */ = {isa = PBXFileReference; fileEncoding = 4; lastKnownFileType = sourcecode.cpp.cpp; name = simpleColor.cpp; path = src/addons/ofxControlPanel/src/simpleColor.cpp; sourceTree = SOURCE_ROOT; };
		E4B9606C11D2F6D6001A61C5 /* simpleColor.h */ = {isa = PBXFileReference; fileEncoding = 4; lastKnownFileType = sourcecode.c.h; name = simpleColor.h; path = src/addons/ofxControlPanel/src/simpleColor.h; sourceTree = SOURCE_ROOT; };
		E4B9606D11D2F6D6001A61C5 /* simpleFileLister.cpp */ = {isa = PBXFileReference; fileEncoding = 4; lastKnownFileType = sourcecode.cpp.cpp; name = simpleFileLister.cpp; path = src/addons/ofxControlPanel/src/simpleFileLister.cpp; sourceTree = SOURCE_ROOT; };
		E4B9606E11D2F6D6001A61C5 /* simpleFileLister.h */ = {isa = PBXFileReference; fileEncoding = 4; lastKnownFileType = sourcecode.c.h; name = simpleFileLister.h; path = src/addons/ofxControlPanel/src/simpleFileLister.h; sourceTree = SOURCE_ROOT; };
		E4B9606F11D2F6D6001A61C5 /* simpleLogger.cpp */ = {isa = PBXFileReference; fileEncoding = 4; lastKnownFileType = sourcecode.cpp.cpp; name = simpleLogger.cpp; path = src/addons/ofxControlPanel/src/simpleLogger.cpp; sourceTree = SOURCE_ROOT; };
		E4B9607011D2F6D6001A61C5 /* simpleLogger.h */ = {isa = PBXFileReference; fileEncoding = 4; lastKnownFileType = sourcecode.c.h; name = simpleLogger.h; path = src/addons/ofxControlPanel/src/simpleLogger.h; sourceTree = SOURCE_ROOT; };
		E4B9609111D2F6E6001A61C5 /* tinyxml.cpp */ = {isa = PBXFileReference; fileEncoding = 4; lastKnownFileType = sourcecode.cpp.cpp; name = tinyxml.cpp; path = ../../../addons/ofxXmlSettings/libs/tinyxml.cpp; sourceTree = SOURCE_ROOT; };
		E4B9609211D2F6E6001A61C5 /* tinyxml.h */ = {isa = PBXFileReference; fileEncoding = 4; lastKnownFileType = sourcecode.c.h; name = tinyxml.h; path = ../../../addons/ofxXmlSettings/libs/tinyxml.h; sourceTree = SOURCE_ROOT; };
		E4B9609311D2F6E6001A61C5 /* tinyxmlerror.cpp */ = {isa = PBXFileReference; fileEncoding = 4; lastKnownFileType = sourcecode.cpp.cpp; name = tinyxmlerror.cpp; path = ../../../addons/ofxXmlSettings/libs/tinyxmlerror.cpp; sourceTree = SOURCE_ROOT; };
		E4B9609411D2F6E6001A61C5 /* tinyxmlparser.cpp */ = {isa = PBXFileReference; fileEncoding = 4; lastKnownFileType = sourcecode.cpp.cpp; name = tinyxmlparser.cpp; path = ../../../addons/ofxXmlSettings/libs/tinyxmlparser.cpp; sourceTree = SOURCE_ROOT; };
		E4B9609611D2F6E6001A61C5 /* ofxXmlSettings.cpp */ = {isa = PBXFileReference; fileEncoding = 4; lastKnownFileType = sourcecode.cpp.cpp; name = ofxXmlSettings.cpp; path = ../../../addons/ofxXmlSettings/src/ofxXmlSettings.cpp; sourceTree = SOURCE_ROOT; };
		E4B9609711D2F6E6001A61C5 /* ofxXmlSettings.h */ = {isa = PBXFileReference; fileEncoding = 4; lastKnownFileType = sourcecode.c.h; name = ofxXmlSettings.h; path = ../../../addons/ofxXmlSettings/src/ofxXmlSettings.h; sourceTree = SOURCE_ROOT; };
		E4B960A711D2F707001A61C5 /* ofxMatrix3x3.cpp */ = {isa = PBXFileReference; fileEncoding = 4; lastKnownFileType = sourcecode.cpp.cpp; name = ofxMatrix3x3.cpp; path = ../../../addons/ofxVectorMath/src/ofxMatrix3x3.cpp; sourceTree = SOURCE_ROOT; };
		E4B960A811D2F707001A61C5 /* ofxMatrix3x3.h */ = {isa = PBXFileReference; fileEncoding = 4; lastKnownFileType = sourcecode.c.h; name = ofxMatrix3x3.h; path = ../../../addons/ofxVectorMath/src/ofxMatrix3x3.h; sourceTree = SOURCE_ROOT; };
		E4B960A911D2F707001A61C5 /* ofxMatrix4x4.cpp */ = {isa = PBXFileReference; fileEncoding = 4; lastKnownFileType = sourcecode.cpp.cpp; name = ofxMatrix4x4.cpp; path = ../../../addons/ofxVectorMath/src/ofxMatrix4x4.cpp; sourceTree = SOURCE_ROOT; };
		E4B960AA11D2F707001A61C5 /* ofxMatrix4x4.h */ = {isa = PBXFileReference; fileEncoding = 4; lastKnownFileType = sourcecode.c.h; name = ofxMatrix4x4.h; path = ../../../addons/ofxVectorMath/src/ofxMatrix4x4.h; sourceTree = SOURCE_ROOT; };
		E4B960AB11D2F707001A61C5 /* ofxPoint2f.h */ = {isa = PBXFileReference; fileEncoding = 4; lastKnownFileType = sourcecode.c.h; name = ofxPoint2f.h; path = ../../../addons/ofxVectorMath/src/ofxPoint2f.h; sourceTree = SOURCE_ROOT; };
		E4B960AC11D2F707001A61C5 /* ofxPoint3f.h */ = {isa = PBXFileReference; fileEncoding = 4; lastKnownFileType = sourcecode.c.h; name = ofxPoint3f.h; path = ../../../addons/ofxVectorMath/src/ofxPoint3f.h; sourceTree = SOURCE_ROOT; };
		E4B960AD11D2F707001A61C5 /* ofxPoint4f.h */ = {isa = PBXFileReference; fileEncoding = 4; lastKnownFileType = sourcecode.c.h; name = ofxPoint4f.h; path = ../../../addons/ofxVectorMath/src/ofxPoint4f.h; sourceTree = SOURCE_ROOT; };
		E4B960AE11D2F707001A61C5 /* ofxQuaternion.cpp */ = {isa = PBXFileReference; fileEncoding = 4; lastKnownFileType = sourcecode.cpp.cpp; name = ofxQuaternion.cpp; path = ../../../addons/ofxVectorMath/src/ofxQuaternion.cpp; sourceTree = SOURCE_ROOT; };
		E4B960AF11D2F707001A61C5 /* ofxQuaternion.h */ = {isa = PBXFileReference; fileEncoding = 4; lastKnownFileType = sourcecode.c.h; name = ofxQuaternion.h; path = ../../../addons/ofxVectorMath/src/ofxQuaternion.h; sourceTree = SOURCE_ROOT; };
		E4B960B011D2F707001A61C5 /* ofxVec2f.h */ = {isa = PBXFileReference; fileEncoding = 4; lastKnownFileType = sourcecode.c.h; name = ofxVec2f.h; path = ../../../addons/ofxVectorMath/src/ofxVec2f.h; sourceTree = SOURCE_ROOT; };
		E4B960B111D2F707001A61C5 /* ofxVec3f.h */ = {isa = PBXFileReference; fileEncoding = 4; lastKnownFileType = sourcecode.c.h; name = ofxVec3f.h; path = ../../../addons/ofxVectorMath/src/ofxVec3f.h; sourceTree = SOURCE_ROOT; };
		E4B960B211D2F707001A61C5 /* ofxVec4f.h */ = {isa = PBXFileReference; fileEncoding = 4; lastKnownFileType = sourcecode.c.h; name = ofxVec4f.h; path = ../../../addons/ofxVectorMath/src/ofxVec4f.h; sourceTree = SOURCE_ROOT; };
		E4B960B311D2F707001A61C5 /* ofxVectorMath.h */ = {isa = PBXFileReference; fileEncoding = 4; lastKnownFileType = sourcecode.c.h; name = ofxVectorMath.h; path = ../../../addons/ofxVectorMath/src/ofxVectorMath.h; sourceTree = SOURCE_ROOT; };
		E4B960BC11D2F710001A61C5 /* ofxDirList.cpp */ = {isa = PBXFileReference; fileEncoding = 4; lastKnownFileType = sourcecode.cpp.cpp; name = ofxDirList.cpp; path = ../../../addons/ofxDirList/src/ofxDirList.cpp; sourceTree = SOURCE_ROOT; };
		E4B960BD11D2F710001A61C5 /* ofxDirList.h */ = {isa = PBXFileReference; fileEncoding = 4; lastKnownFileType = sourcecode.c.h; name = ofxDirList.h; path = ../../../addons/ofxDirList/src/ofxDirList.h; sourceTree = SOURCE_ROOT; };
		E4B960C511D2F729001A61C5 /* ofxThread.cpp */ = {isa = PBXFileReference; fileEncoding = 4; lastKnownFileType = sourcecode.cpp.cpp; name = ofxThread.cpp; path = ../../../addons/ofxThread/src/ofxThread.cpp; sourceTree = SOURCE_ROOT; };
		E4B960C611D2F729001A61C5 /* ofxThread.h */ = {isa = PBXFileReference; fileEncoding = 4; lastKnownFileType = sourcecode.c.h; name = ofxThread.h; path = ../../../addons/ofxThread/src/ofxThread.h; sourceTree = SOURCE_ROOT; };
		E4B961B511D30000001A61C5 /* grid.jpg */ = {isa = PBXFileReference; lastKnownFileType = image.jpeg; name = grid.jpg; path = src/envMapping/grid.jpg; sourceTree = SOURCE_ROOT; };
		E4B961DC11D3011D001A61C5 /* grid2.jpg */ = {isa = PBXFileReference; lastKnownFileType = image.jpeg; name = grid2.jpg; path = src/envMapping/grid2.jpg; sourceTree = SOURCE_ROOT; };
		E4B961DD11D3011D001A61C5 /* light.jpg */ = {isa = PBXFileReference; lastKnownFileType = image.jpeg; name = light.jpg; path = src/envMapping/light.jpg; sourceTree = SOURCE_ROOT; };
		E4B9636E11D31C29001A61C5 /* House.jpg */ = {isa = PBXFileReference; lastKnownFileType = image.jpeg; name = House.jpg; path = src/envMapping/House.jpg; sourceTree = SOURCE_ROOT; };
		E4B9664C11D3E01D001A61C5 /* scanNotifier.h */ = {isa = PBXFileReference; fileEncoding = 4; lastKnownFileType = sourcecode.c.h; path = scanNotifier.h; sourceTree = "<group>"; };
		E4B9664D11D3E01D001A61C5 /* scanNotifier.cpp */ = {isa = PBXFileReference; fileEncoding = 4; lastKnownFileType = sourcecode.cpp.cpp; path = scanNotifier.cpp; sourceTree = "<group>"; };
		E4B9667311D3E041001A61C5 /* install.xml */ = {isa = PBXFileReference; fileEncoding = 4; lastKnownFileType = text.xml; name = install.xml; path = ../../../addons/ofxOsc/install.xml; sourceTree = SOURCE_ROOT; };
		E4B9667811D3E041001A61C5 /* IpEndpointName.h */ = {isa = PBXFileReference; fileEncoding = 4; lastKnownFileType = sourcecode.c.h; name = IpEndpointName.h; path = ../../../addons/ofxOsc/libs/oscpack/include/ip/IpEndpointName.h; sourceTree = SOURCE_ROOT; };
		E4B9667911D3E041001A61C5 /* NetworkingUtils.h */ = {isa = PBXFileReference; fileEncoding = 4; lastKnownFileType = sourcecode.c.h; name = NetworkingUtils.h; path = ../../../addons/ofxOsc/libs/oscpack/include/ip/NetworkingUtils.h; sourceTree = SOURCE_ROOT; };
		E4B9667A11D3E041001A61C5 /* PacketListener.h */ = {isa = PBXFileReference; fileEncoding = 4; lastKnownFileType = sourcecode.c.h; name = PacketListener.h; path = ../../../addons/ofxOsc/libs/oscpack/include/ip/PacketListener.h; sourceTree = SOURCE_ROOT; };
		E4B9667B11D3E041001A61C5 /* TimerListener.h */ = {isa = PBXFileReference; fileEncoding = 4; lastKnownFileType = sourcecode.c.h; name = TimerListener.h; path = ../../../addons/ofxOsc/libs/oscpack/include/ip/TimerListener.h; sourceTree = SOURCE_ROOT; };
		E4B9667C11D3E041001A61C5 /* UdpSocket.h */ = {isa = PBXFileReference; fileEncoding = 4; lastKnownFileType = sourcecode.c.h; name = UdpSocket.h; path = ../../../addons/ofxOsc/libs/oscpack/include/ip/UdpSocket.h; sourceTree = SOURCE_ROOT; };
		E4B9667E11D3E041001A61C5 /* MessageMappingOscPacketListener.h */ = {isa = PBXFileReference; fileEncoding = 4; lastKnownFileType = sourcecode.c.h; name = MessageMappingOscPacketListener.h; path = ../../../addons/ofxOsc/libs/oscpack/include/osc/MessageMappingOscPacketListener.h; sourceTree = SOURCE_ROOT; };
		E4B9667F11D3E041001A61C5 /* OscException.h */ = {isa = PBXFileReference; fileEncoding = 4; lastKnownFileType = sourcecode.c.h; name = OscException.h; path = ../../../addons/ofxOsc/libs/oscpack/include/osc/OscException.h; sourceTree = SOURCE_ROOT; };
		E4B9668011D3E041001A61C5 /* OscHostEndianness.h */ = {isa = PBXFileReference; fileEncoding = 4; lastKnownFileType = sourcecode.c.h; name = OscHostEndianness.h; path = ../../../addons/ofxOsc/libs/oscpack/include/osc/OscHostEndianness.h; sourceTree = SOURCE_ROOT; };
		E4B9668111D3E041001A61C5 /* OscOutboundPacketStream.h */ = {isa = PBXFileReference; fileEncoding = 4; lastKnownFileType = sourcecode.c.h; name = OscOutboundPacketStream.h; path = ../../../addons/ofxOsc/libs/oscpack/include/osc/OscOutboundPacketStream.h; sourceTree = SOURCE_ROOT; };
		E4B9668211D3E041001A61C5 /* OscPacketListener.h */ = {isa = PBXFileReference; fileEncoding = 4; lastKnownFileType = sourcecode.c.h; name = OscPacketListener.h; path = ../../../addons/ofxOsc/libs/oscpack/include/osc/OscPacketListener.h; sourceTree = SOURCE_ROOT; };
		E4B9668311D3E041001A61C5 /* OscPrintReceivedElements.h */ = {isa = PBXFileReference; fileEncoding = 4; lastKnownFileType = sourcecode.c.h; name = OscPrintReceivedElements.h; path = ../../../addons/ofxOsc/libs/oscpack/include/osc/OscPrintReceivedElements.h; sourceTree = SOURCE_ROOT; };
		E4B9668411D3E041001A61C5 /* OscReceivedElements.h */ = {isa = PBXFileReference; fileEncoding = 4; lastKnownFileType = sourcecode.c.h; name = OscReceivedElements.h; path = ../../../addons/ofxOsc/libs/oscpack/include/osc/OscReceivedElements.h; sourceTree = SOURCE_ROOT; };
		E4B9668511D3E041001A61C5 /* OscTypes.h */ = {isa = PBXFileReference; fileEncoding = 4; lastKnownFileType = sourcecode.c.h; name = OscTypes.h; path = ../../../addons/ofxOsc/libs/oscpack/include/osc/OscTypes.h; sourceTree = SOURCE_ROOT; };
		E4B9668811D3E041001A61C5 /* osc.a */ = {isa = PBXFileReference; lastKnownFileType = archive.ar; name = osc.a; path = ../../../addons/ofxOsc/libs/oscpack/lib/osx/osc.a; sourceTree = SOURCE_ROOT; };
		E4B9668A11D3E041001A61C5 /* ofxOsc.h */ = {isa = PBXFileReference; fileEncoding = 4; lastKnownFileType = sourcecode.c.h; name = ofxOsc.h; path = ../../../addons/ofxOsc/src/ofxOsc.h; sourceTree = SOURCE_ROOT; };
		E4B9668B11D3E041001A61C5 /* ofxOscArg.h */ = {isa = PBXFileReference; fileEncoding = 4; lastKnownFileType = sourcecode.c.h; name = ofxOscArg.h; path = ../../../addons/ofxOsc/src/ofxOscArg.h; sourceTree = SOURCE_ROOT; };
		E4B9668C11D3E041001A61C5 /* ofxOscBundle.cpp */ = {isa = PBXFileReference; fileEncoding = 4; lastKnownFileType = sourcecode.cpp.cpp; name = ofxOscBundle.cpp; path = ../../../addons/ofxOsc/src/ofxOscBundle.cpp; sourceTree = SOURCE_ROOT; };
		E4B9668D11D3E041001A61C5 /* ofxOscBundle.h */ = {isa = PBXFileReference; fileEncoding = 4; lastKnownFileType = sourcecode.c.h; name = ofxOscBundle.h; path = ../../../addons/ofxOsc/src/ofxOscBundle.h; sourceTree = SOURCE_ROOT; };
		E4B9668E11D3E041001A61C5 /* ofxOscMessage.cpp */ = {isa = PBXFileReference; fileEncoding = 4; lastKnownFileType = sourcecode.cpp.cpp; name = ofxOscMessage.cpp; path = ../../../addons/ofxOsc/src/ofxOscMessage.cpp; sourceTree = SOURCE_ROOT; };
		E4B9668F11D3E041001A61C5 /* ofxOscMessage.h */ = {isa = PBXFileReference; fileEncoding = 4; lastKnownFileType = sourcecode.c.h; name = ofxOscMessage.h; path = ../../../addons/ofxOsc/src/ofxOscMessage.h; sourceTree = SOURCE_ROOT; };
		E4B9669011D3E041001A61C5 /* ofxOscReceiver.cpp */ = {isa = PBXFileReference; fileEncoding = 4; lastKnownFileType = sourcecode.cpp.cpp; name = ofxOscReceiver.cpp; path = ../../../addons/ofxOsc/src/ofxOscReceiver.cpp; sourceTree = SOURCE_ROOT; };
		E4B9669111D3E041001A61C5 /* ofxOscReceiver.h */ = {isa = PBXFileReference; fileEncoding = 4; lastKnownFileType = sourcecode.c.h; name = ofxOscReceiver.h; path = ../../../addons/ofxOsc/src/ofxOscReceiver.h; sourceTree = SOURCE_ROOT; };
		E4B9669211D3E041001A61C5 /* ofxOscSender.cpp */ = {isa = PBXFileReference; fileEncoding = 4; lastKnownFileType = sourcecode.cpp.cpp; name = ofxOscSender.cpp; path = ../../../addons/ofxOsc/src/ofxOscSender.cpp; sourceTree = SOURCE_ROOT; };
		E4B9669311D3E041001A61C5 /* ofxOscSender.h */ = {isa = PBXFileReference; fileEncoding = 4; lastKnownFileType = sourcecode.c.h; name = ofxOscSender.h; path = ../../../addons/ofxOsc/src/ofxOscSender.h; sourceTree = SOURCE_ROOT; };
		E4C2421610CC549C004149E2 /* openFrameworksLib.xcodeproj */ = {isa = PBXFileReference; lastKnownFileType = "wrapper.pb-project"; name = openFrameworksLib.xcodeproj; path = ../../../libs/openFrameworksCompiled/project/osx/openFrameworksLib.xcodeproj; sourceTree = SOURCE_ROOT; };
		E4C2424410CC5A17004149E2 /* AppKit.framework */ = {isa = PBXFileReference; lastKnownFileType = wrapper.framework; name = AppKit.framework; path = /System/Library/Frameworks/AppKit.framework; sourceTree = "<absolute>"; };
		E4C2424510CC5A17004149E2 /* Cocoa.framework */ = {isa = PBXFileReference; lastKnownFileType = wrapper.framework; name = Cocoa.framework; path = /System/Library/Frameworks/Cocoa.framework; sourceTree = "<absolute>"; };
		E4C2424610CC5A17004149E2 /* IOKit.framework */ = {isa = PBXFileReference; lastKnownFileType = wrapper.framework; name = IOKit.framework; path = /System/Library/Frameworks/IOKit.framework; sourceTree = "<absolute>"; };
		E4C2425F10CC5A78004149E2 /* GLUT.framework */ = {isa = PBXFileReference; lastKnownFileType = wrapper.framework; name = GLUT.framework; path = ../../../libs/glut/lib/osx/GLUT.framework; sourceTree = SOURCE_ROOT; };
		E4C2427A10CC5B66004149E2 /* CppUnit.a */ = {isa = PBXFileReference; lastKnownFileType = archive.ar; name = CppUnit.a; path = ../../../libs/poco/lib/osx/CppUnit.a; sourceTree = SOURCE_ROOT; };
		E4C2427B10CC5B66004149E2 /* PocoFoundation.a */ = {isa = PBXFileReference; lastKnownFileType = archive.ar; name = PocoFoundation.a; path = ../../../libs/poco/lib/osx/PocoFoundation.a; sourceTree = SOURCE_ROOT; };
		E4C2427C10CC5B66004149E2 /* PocoNet.a */ = {isa = PBXFileReference; lastKnownFileType = archive.ar; name = PocoNet.a; path = ../../../libs/poco/lib/osx/PocoNet.a; sourceTree = SOURCE_ROOT; };
		E4C2427D10CC5B66004149E2 /* PocoUtil.a */ = {isa = PBXFileReference; lastKnownFileType = archive.ar; name = PocoUtil.a; path = ../../../libs/poco/lib/osx/PocoUtil.a; sourceTree = SOURCE_ROOT; };
		E4C2427E10CC5B66004149E2 /* PocoXML.a */ = {isa = PBXFileReference; lastKnownFileType = archive.ar; name = PocoXML.a; path = ../../../libs/poco/lib/osx/PocoXML.a; sourceTree = SOURCE_ROOT; };
		E4C2429310CC5C38004149E2 /* freetype.a */ = {isa = PBXFileReference; lastKnownFileType = archive.ar; name = freetype.a; path = ../../../libs/freetype/lib/osx/freetype.a; sourceTree = SOURCE_ROOT; };
		E4C242CC10CC650E004149E2 /* libfmodex.dylib */ = {isa = PBXFileReference; lastKnownFileType = "compiled.mach-o.dylib"; name = libfmodex.dylib; path = ../../../libs/fmodex/lib/osx/libfmodex.dylib; sourceTree = SOURCE_ROOT; };
		E4C246D910CCAE22004149E2 /* freeimage.a */ = {isa = PBXFileReference; lastKnownFileType = archive.ar; name = freeimage.a; path = ../../../libs/FreeImage/lib/osx/freeimage.a; sourceTree = SOURCE_ROOT; };
		E4CAE40411D4F6AF00E7E005 /* hdr.jpg */ = {isa = PBXFileReference; lastKnownFileType = image.jpeg; path = hdr.jpg; sourceTree = "<group>"; };
/* End PBXFileReference section */

/* Begin PBXFrameworksBuildPhase section */
		E4B69B590A3A1756003C02F2 /* Frameworks */ = {
			isa = PBXFrameworksBuildPhase;
			buildActionMask = 2147483647;
			files = (
				E4C2422B10CC554B004149E2 /* openFrameworks.a in Frameworks */,
				E45BE0AA0E8CC67C009D7055 /* GLee.a in Frameworks */,
				E45BE2E40E8CC69C009D7055 /* rtAudio.a in Frameworks */,
				E45BE97B0E8CC7DD009D7055 /* AGL.framework in Frameworks */,
				E45BE97C0E8CC7DD009D7055 /* ApplicationServices.framework in Frameworks */,
				E45BE97D0E8CC7DD009D7055 /* AudioToolbox.framework in Frameworks */,
				E45BE97E0E8CC7DD009D7055 /* Carbon.framework in Frameworks */,
				E45BE97F0E8CC7DD009D7055 /* CoreAudio.framework in Frameworks */,
				E45BE9800E8CC7DD009D7055 /* CoreFoundation.framework in Frameworks */,
				E45BE9810E8CC7DD009D7055 /* CoreServices.framework in Frameworks */,
				E45BE9830E8CC7DD009D7055 /* OpenGL.framework in Frameworks */,
				E45BE9840E8CC7DD009D7055 /* QuickTime.framework in Frameworks */,
				E4C2424710CC5A17004149E2 /* AppKit.framework in Frameworks */,
				E4C2424810CC5A17004149E2 /* Cocoa.framework in Frameworks */,
				E4C2424910CC5A17004149E2 /* IOKit.framework in Frameworks */,
				E4C2426610CC5A78004149E2 /* GLUT.framework in Frameworks */,
				E4C2427F10CC5B66004149E2 /* CppUnit.a in Frameworks */,
				E4C2428010CC5B66004149E2 /* PocoFoundation.a in Frameworks */,
				E4C2428110CC5B66004149E2 /* PocoNet.a in Frameworks */,
				E4C2428210CC5B66004149E2 /* PocoUtil.a in Frameworks */,
				E4C2428310CC5B66004149E2 /* PocoXML.a in Frameworks */,
				E4C2429410CC5C38004149E2 /* freetype.a in Frameworks */,
				E4C242CD10CC650E004149E2 /* libfmodex.dylib in Frameworks */,
				E4C246DA10CCAE22004149E2 /* freeimage.a in Frameworks */,
				E4B9669411D3E041001A61C5 /* osc.a in Frameworks */,
			);
			runOnlyForDeploymentPostprocessing = 0;
		};
/* End PBXFrameworksBuildPhase section */

/* Begin PBXGroup section */
		E416CB7911D44ACC00B6836B /* ofxFBOTexture */ = {
			isa = PBXGroup;
			children = (
				E416CB7A11D44ACC00B6836B /* ofxFBOTexture.cpp */,
				E416CB7B11D44ACC00B6836B /* ofxFBOTexture.h */,
			);
			name = ofxFBOTexture;
			path = src/addons/ofxFBOTexture;
			sourceTree = SOURCE_ROOT;
		};
		E45BE0360E8CC5DE009D7055 /* libs */ = {
			isa = PBXGroup;
			children = (
				E45BEED60E8CCB34009D7055 /* core */,
			);
			name = libs;
			sourceTree = "<group>";
		};
		E45BE0370E8CC647009D7055 /* freeimage */ = {
			isa = PBXGroup;
			children = (
				E4C246D810CCAE22004149E2 /* osx */,
				E45BE0380E8CC647009D7055 /* include */,
			);
			name = freeimage;
			path = ../../../libs/freeimage;
			sourceTree = SOURCE_ROOT;
		};
		E45BE0380E8CC647009D7055 /* include */ = {
			isa = PBXGroup;
			children = (
				E45BE0390E8CC647009D7055 /* FreeImage.h */,
			);
			name = include;
			path = ../../../libs/freeimage/include;
			sourceTree = SOURCE_ROOT;
		};
		E45BE03D0E8CC650009D7055 /* fmodex */ = {
			isa = PBXGroup;
			children = (
				E45BE03E0E8CC650009D7055 /* inc */,
				E4C2428E10CC5C18004149E2 /* osx */,
			);
			name = fmodex;
			path = ../../../libs/fmodex;
			sourceTree = SOURCE_ROOT;
		};
		E45BE03E0E8CC650009D7055 /* inc */ = {
			isa = PBXGroup;
			children = (
				E45BE03F0E8CC650009D7055 /* fmod.h */,
				E45BE0400E8CC650009D7055 /* fmod.hpp */,
				E45BE0410E8CC650009D7055 /* fmod_codec.h */,
				E45BE0420E8CC650009D7055 /* fmod_dsp.h */,
				E45BE0430E8CC650009D7055 /* fmod_errors.h */,
				E45BE0440E8CC650009D7055 /* fmod_output.h */,
			);
			name = inc;
			path = ../../../libs/fmodex/include;
			sourceTree = SOURCE_ROOT;
		};
		E45BE0480E8CC657009D7055 /* core libraries */ = {
			isa = PBXGroup;
			children = (
				E4C2425B10CC5A78004149E2 /* glut */,
				E45BEC7B0E8CC911009D7055 /* poco */,
				E45BE2D50E8CC69C009D7055 /* rtAudio */,
				E45BE0A50E8CC67C009D7055 /* GLee */,
				E45BE0490E8CC676009D7055 /* freetype */,
				E45BE03D0E8CC650009D7055 /* fmodex */,
				E45BE0370E8CC647009D7055 /* freeimage */,
			);
			name = "core libraries";
			sourceTree = "<group>";
		};
		E45BE0490E8CC676009D7055 /* freetype */ = {
			isa = PBXGroup;
			children = (
				E4C2429210CC5C38004149E2 /* osx */,
			);
			name = freetype;
			path = ../../../libs/freetype;
			sourceTree = SOURCE_ROOT;
		};
		E45BE0A50E8CC67C009D7055 /* GLee */ = {
			isa = PBXGroup;
			children = (
				E45BE0A60E8CC67C009D7055 /* include */,
				E45BE0A80E8CC67C009D7055 /* lib */,
			);
			name = GLee;
			path = ../../../libs/GLee;
			sourceTree = SOURCE_ROOT;
		};
		E45BE0A60E8CC67C009D7055 /* include */ = {
			isa = PBXGroup;
			children = (
				E45BE0A70E8CC67C009D7055 /* GLee.h */,
			);
			name = include;
			path = ../../../libs/GLee/include;
			sourceTree = SOURCE_ROOT;
		};
		E45BE0A80E8CC67C009D7055 /* lib */ = {
			isa = PBXGroup;
			children = (
				E45BE0A90E8CC67C009D7055 /* GLee.a */,
			);
			name = lib;
			path = ../../../libs/GLee/lib/osx;
			sourceTree = SOURCE_ROOT;
		};
		E45BE2D50E8CC69C009D7055 /* rtAudio */ = {
			isa = PBXGroup;
			children = (
				E45BE2D60E8CC69C009D7055 /* include */,
				E45BE2E20E8CC69C009D7055 /* lib */,
			);
			name = rtAudio;
			path = ../../../libs/rtAudio;
			sourceTree = SOURCE_ROOT;
		};
		E45BE2D60E8CC69C009D7055 /* include */ = {
			isa = PBXGroup;
			children = (
				E45BE2D70E8CC69C009D7055 /* asio */,
				E45BE2E00E8CC69C009D7055 /* RtAudio.h */,
				E45BE2E10E8CC69C009D7055 /* RtError.h */,
			);
			name = include;
			path = ../../../libs/rtAudio/include;
			sourceTree = SOURCE_ROOT;
		};
		E45BE2D70E8CC69C009D7055 /* asio */ = {
			isa = PBXGroup;
			children = (
			);
			name = asio;
			path = ../../../libs/rtAudio/include/asio;
			sourceTree = SOURCE_ROOT;
		};
		E45BE2E20E8CC69C009D7055 /* lib */ = {
			isa = PBXGroup;
			children = (
				E45BE2E30E8CC69C009D7055 /* rtAudio.a */,
			);
			name = lib;
			path = ../../../libs/rtAudio/lib/osx;
			sourceTree = SOURCE_ROOT;
		};
		E45BE5980E8CC70C009D7055 /* core frameworks */ = {
			isa = PBXGroup;
			children = (
				E4C2424410CC5A17004149E2 /* AppKit.framework */,
				E4C2424510CC5A17004149E2 /* Cocoa.framework */,
				E4C2424610CC5A17004149E2 /* IOKit.framework */,
				E45BE9710E8CC7DD009D7055 /* AGL.framework */,
				E45BE9720E8CC7DD009D7055 /* ApplicationServices.framework */,
				E45BE9730E8CC7DD009D7055 /* AudioToolbox.framework */,
				E45BE9740E8CC7DD009D7055 /* Carbon.framework */,
				E45BE9750E8CC7DD009D7055 /* CoreAudio.framework */,
				E45BE9760E8CC7DD009D7055 /* CoreFoundation.framework */,
				E45BE9770E8CC7DD009D7055 /* CoreServices.framework */,
				E45BE9790E8CC7DD009D7055 /* OpenGL.framework */,
				E45BE97A0E8CC7DD009D7055 /* QuickTime.framework */,
			);
			name = "core frameworks";
			sourceTree = "<group>";
		};
		E45BEC7B0E8CC911009D7055 /* poco */ = {
			isa = PBXGroup;
			children = (
				E4C2427910CC5B66004149E2 /* osx */,
			);
			name = poco;
			path = ../../../libs/poco;
			sourceTree = SOURCE_ROOT;
		};
		E45BEED60E8CCB34009D7055 /* core */ = {
			isa = PBXGroup;
			children = (
				E45BE0480E8CC657009D7055 /* core libraries */,
				E45BE5980E8CC70C009D7055 /* core frameworks */,
			);
			name = core;
			sourceTree = "<group>";
		};
		E4B69B4A0A3A1720003C02F2 = {
			isa = PBXGroup;
			children = (
				E4B960D511D2F745001A61C5 /* addons */,
				E4B9600411D2F6A5001A61C5 /* src */,
				E4B69B5B0A3A1756003C02F2 /* emptyExample.app */,
				E4B6FCAD0C3E899E008CF71C /* openFrameworks-Info.plist */,
				E4C2422310CC54B6004149E2 /* openFrameworks */,
				E45BE0360E8CC5DE009D7055 /* libs */,
			);
			sourceTree = "<group>";
		};
		E4B9600411D2F6A5001A61C5 /* src */ = {
			isa = PBXGroup;
			children = (
				E4B9600511D2F6A5001A61C5 /* addons */,
				E4B9601211D2F6A5001A61C5 /* envMapping */,
				E4B9602111D2F6A5001A61C5 /* player */,
				E4B9602611D2F6A5001A61C5 /* testApp.cpp */,
				E4B9602711D2F6A5001A61C5 /* testApp.h */,
				E416CAFC11D43DC400B6836B /* histogramGuiElement.cpp */,
				E416CAFB11D43DC400B6836B /* histogramGuiElement.h */,
				E4B9601F11D2F6A5001A61C5 /* main.cpp */,
			);
			path = src;
			sourceTree = SOURCE_ROOT;
		};
		E4B9600511D2F6A5001A61C5 /* addons */ = {
			isa = PBXGroup;
			children = (
				E416CB7911D44ACC00B6836B /* ofxFBOTexture */,
				E4B9667211D3E041001A61C5 /* ofxOsc */,
				E4B9603A11D2F6D6001A61C5 /* ofxControlPanel */,
				E4B9600611D2F6A5001A61C5 /* ofx3DUtils */,
			);
			name = addons;
			path = src/addons;
			sourceTree = SOURCE_ROOT;
		};
		E4B9600611D2F6A5001A61C5 /* ofx3DUtils */ = {
			isa = PBXGroup;
			children = (
				E4B9600911D2F6A5001A61C5 /* src */,
			);
			name = ofx3DUtils;
			path = src/addons/ofx3DUtils;
			sourceTree = SOURCE_ROOT;
		};
		E4B9600911D2F6A5001A61C5 /* src */ = {
			isa = PBXGroup;
			children = (
				E4B9600A11D2F6A5001A61C5 /* ofx3DGraphics.cpp */,
				E4B9600B11D2F6A5001A61C5 /* ofx3DGraphics.h */,
				E4B9600C11D2F6A5001A61C5 /* ofx3DUtils.h */,
				E4B9600D11D2F6A5001A61C5 /* ofxCamera.cpp */,
				E4B9600E11D2F6A5001A61C5 /* ofxCamera.h */,
				E4B9600F11D2F6A5001A61C5 /* ofxEasyCam.h */,
				E4B9601011D2F6A5001A61C5 /* ofxLight.cpp */,
				E4B9601111D2F6A5001A61C5 /* ofxLight.h */,
			);
			name = src;
			path = src/addons/ofx3DUtils/src;
			sourceTree = SOURCE_ROOT;
		};
		E4B9601211D2F6A5001A61C5 /* envMapping */ = {
			isa = PBXGroup;
			children = (
				E4CAE40411D4F6AF00E7E005 /* hdr.jpg */,
				E4B961DC11D3011D001A61C5 /* grid2.jpg */,
				E4B961DD11D3011D001A61C5 /* light.jpg */,
				E4B961B511D30000001A61C5 /* grid.jpg */,
				E4B9601311D2F6A5001A61C5 /* EnvMap.frag */,
				E4B9601411D2F6A5001A61C5 /* EnvMap.h */,
				E4B9601511D2F6A5001A61C5 /* EnvMap.m */,
				E4B9601611D2F6A5001A61C5 /* EnvMap.rtf */,
				E4B9601711D2F6A5001A61C5 /* EnvMap.vert */,
				E4B9636E11D31C29001A61C5 /* House.jpg */,
				E4B9601811D2F6A5001A61C5 /* Exhibit.h */,
				E4B9601911D2F6A5001A61C5 /* Exhibit.m */,
				E4B9601A11D2F6A5001A61C5 /* glut_teapot.c */,
				E4B9601B11D2F6A5001A61C5 /* glut_teapot.h */,
				E4B9601D11D2F6A5001A61C5 /* mat4.c */,
				E4B9601E11D2F6A5001A61C5 /* mat4.h */,
			);
			name = envMapping;
			path = src/envMapping;
			sourceTree = SOURCE_ROOT;
		};
		E4B9602111D2F6A5001A61C5 /* player */ = {
			isa = PBXGroup;
			children = (
				E498BB9011D52E700099A63E /* scanMesh.cpp */,
				E498BB9111D52E700099A63E /* scanMesh.h */,
				E4B9664D11D3E01D001A61C5 /* scanNotifier.cpp */,
				E4B9664C11D3E01D001A61C5 /* scanNotifier.h */,
				E4B9602211D2F6A5001A61C5 /* scanPlayer.cpp */,
				E4B9602311D2F6A5001A61C5 /* scanPlayer.h */,
				E4B9602411D2F6A5001A61C5 /* threadedScanLoader.cpp */,
				E4B9602511D2F6A5001A61C5 /* threadedScanLoader.h */,
			);
			name = player;
			path = src/player;
			sourceTree = SOURCE_ROOT;
		};
		E4B9603A11D2F6D6001A61C5 /* ofxControlPanel */ = {
			isa = PBXGroup;
			children = (
				E4B9603B11D2F6D6001A61C5 /* src */,
			);
			name = ofxControlPanel;
			path = src/addons/ofxControlPanel;
			sourceTree = SOURCE_ROOT;
		};
		E4B9603B11D2F6D6001A61C5 /* src */ = {
			isa = PBXGroup;
			children = (
				E4B9603C11D2F6D6001A61C5 /* guiBaseObject.cpp */,
				E4B9603D11D2F6D6001A61C5 /* guiBaseObject.h */,
				E4B9603E11D2F6D6001A61C5 /* guiCallback.cpp */,
				E4B9603F11D2F6D6001A61C5 /* guiCallback.h */,
				E4B9604011D2F6D6001A61C5 /* guiCallbackValue.cpp */,
				E4B9604111D2F6D6001A61C5 /* guiCallbackValue.h */,
				E4B9604211D2F6D6001A61C5 /* guiColor.cpp */,
				E4B9604311D2F6D6001A61C5 /* guiColor.h */,
				E4B9604411D2F6D6001A61C5 /* guiCustomImpl.h */,
				E4B9604511D2F6D6001A61C5 /* guiIncludes.h */,
				E4B9604611D2F6D6001A61C5 /* guiTextBase.cpp */,
				E4B9604711D2F6D6001A61C5 /* guiTextBase.h */,
				E4B9604811D2F6D6001A61C5 /* guiType2DSlider.cpp */,
				E4B9604911D2F6D6001A61C5 /* guiType2DSlider.h */,
				E4B9604A11D2F6D6001A61C5 /* guiTypeButtonSlider.cpp */,
				E4B9604B11D2F6D6001A61C5 /* guiTypeButtonSlider.h */,
				E4B9604C11D2F6D6001A61C5 /* guiTypeChartPlotter.cpp */,
				E4B9604D11D2F6D6001A61C5 /* guiTypeChartPlotter.h */,
				E4B9604E11D2F6D6001A61C5 /* guiTypeCustom.cpp */,
				E4B9604F11D2F6D6001A61C5 /* guiTypeCustom.h */,
				E4B9605011D2F6D6001A61C5 /* guiTypeDrawable.cpp */,
				E4B9605111D2F6D6001A61C5 /* guiTypeDrawable.h */,
				E4B9605211D2F6D6001A61C5 /* guiTypeFileLister.cpp */,
				E4B9605311D2F6D6001A61C5 /* guiTypeFileLister.h */,
				E4B9605411D2F6D6001A61C5 /* guiTypeLogger.cpp */,
				E4B9605511D2F6D6001A61C5 /* guiTypeLogger.h */,
				E4B9605611D2F6D6001A61C5 /* guiTypeMultiToggle.cpp */,
				E4B9605711D2F6D6001A61C5 /* guiTypeMultiToggle.h */,
				E4B9605811D2F6D6001A61C5 /* guiTypePanel.cpp */,
				E4B9605911D2F6D6001A61C5 /* guiTypePanel.h */,
				E4B9605A11D2F6D6001A61C5 /* guiTypeSlider.cpp */,
				E4B9605B11D2F6D6001A61C5 /* guiTypeSlider.h */,
				E4B9605C11D2F6D6001A61C5 /* guiTypeText.cpp */,
				E4B9605D11D2F6D6001A61C5 /* guiTypeText.h */,
				E4B9605E11D2F6D6001A61C5 /* guiTypeTextDropDown.cpp */,
				E4B9605F11D2F6D6001A61C5 /* guiTypeTextDropDown.h */,
				E4B9606011D2F6D6001A61C5 /* guiTypeToggle.cpp */,
				E4B9606111D2F6D6001A61C5 /* guiTypeToggle.h */,
				E4B9606211D2F6D6001A61C5 /* guiTypeVairableLister.cpp */,
				E4B9606311D2F6D6001A61C5 /* guiTypeVairableLister.h */,
				E4B9606411D2F6D6001A61C5 /* guiTypeVideo.cpp */,
				E4B9606511D2F6D6001A61C5 /* guiTypeVideo.h */,
				E4B9606611D2F6D6001A61C5 /* guiValue.cpp */,
				E4B9606711D2F6D6001A61C5 /* guiValue.h */,
				E4B9606811D2F6D6001A61C5 /* guiVariablePointer.h */,
				E4B9606911D2F6D6001A61C5 /* ofxControlPanel.cpp */,
				E4B9606A11D2F6D6001A61C5 /* ofxControlPanel.h */,
				E4B9606B11D2F6D6001A61C5 /* simpleColor.cpp */,
				E4B9606C11D2F6D6001A61C5 /* simpleColor.h */,
				E4B9606D11D2F6D6001A61C5 /* simpleFileLister.cpp */,
				E4B9606E11D2F6D6001A61C5 /* simpleFileLister.h */,
				E4B9606F11D2F6D6001A61C5 /* simpleLogger.cpp */,
				E4B9607011D2F6D6001A61C5 /* simpleLogger.h */,
			);
			name = src;
			path = src/addons/ofxControlPanel/src;
			sourceTree = SOURCE_ROOT;
		};
		E4B9608E11D2F6E6001A61C5 /* ofxXmlSettings */ = {
			isa = PBXGroup;
			children = (
				E4B9609011D2F6E6001A61C5 /* libs */,
				E4B9609511D2F6E6001A61C5 /* src */,
			);
			name = ofxXmlSettings;
			path = ../../../addons/ofxXmlSettings;
			sourceTree = SOURCE_ROOT;
		};
		E4B9609011D2F6E6001A61C5 /* libs */ = {
			isa = PBXGroup;
			children = (
				E4B9609111D2F6E6001A61C5 /* tinyxml.cpp */,
				E4B9609211D2F6E6001A61C5 /* tinyxml.h */,
				E4B9609311D2F6E6001A61C5 /* tinyxmlerror.cpp */,
				E4B9609411D2F6E6001A61C5 /* tinyxmlparser.cpp */,
			);
			name = libs;
			path = ../../../addons/ofxXmlSettings/libs;
			sourceTree = SOURCE_ROOT;
		};
		E4B9609511D2F6E6001A61C5 /* src */ = {
			isa = PBXGroup;
			children = (
				E4B9609611D2F6E6001A61C5 /* ofxXmlSettings.cpp */,
				E4B9609711D2F6E6001A61C5 /* ofxXmlSettings.h */,
			);
			name = src;
			path = ../../../addons/ofxXmlSettings/src;
			sourceTree = SOURCE_ROOT;
		};
		E4B960A411D2F707001A61C5 /* ofxVectorMath */ = {
			isa = PBXGroup;
			children = (
				E4B960A611D2F707001A61C5 /* src */,
			);
			name = ofxVectorMath;
			path = ../../../addons/ofxVectorMath;
			sourceTree = SOURCE_ROOT;
		};
		E4B960A611D2F707001A61C5 /* src */ = {
			isa = PBXGroup;
			children = (
				E4B960A711D2F707001A61C5 /* ofxMatrix3x3.cpp */,
				E4B960A811D2F707001A61C5 /* ofxMatrix3x3.h */,
				E4B960A911D2F707001A61C5 /* ofxMatrix4x4.cpp */,
				E4B960AA11D2F707001A61C5 /* ofxMatrix4x4.h */,
				E4B960AB11D2F707001A61C5 /* ofxPoint2f.h */,
				E4B960AC11D2F707001A61C5 /* ofxPoint3f.h */,
				E4B960AD11D2F707001A61C5 /* ofxPoint4f.h */,
				E4B960AE11D2F707001A61C5 /* ofxQuaternion.cpp */,
				E4B960AF11D2F707001A61C5 /* ofxQuaternion.h */,
				E4B960B011D2F707001A61C5 /* ofxVec2f.h */,
				E4B960B111D2F707001A61C5 /* ofxVec3f.h */,
				E4B960B211D2F707001A61C5 /* ofxVec4f.h */,
				E4B960B311D2F707001A61C5 /* ofxVectorMath.h */,
			);
			name = src;
			path = ../../../addons/ofxVectorMath/src;
			sourceTree = SOURCE_ROOT;
		};
		E4B960B711D2F710001A61C5 /* ofxDirList */ = {
			isa = PBXGroup;
			children = (
				E4B960BB11D2F710001A61C5 /* src */,
			);
			name = ofxDirList;
			path = ../../../addons/ofxDirList;
			sourceTree = SOURCE_ROOT;
		};
		E4B960BB11D2F710001A61C5 /* src */ = {
			isa = PBXGroup;
			children = (
				E4B960BC11D2F710001A61C5 /* ofxDirList.cpp */,
				E4B960BD11D2F710001A61C5 /* ofxDirList.h */,
			);
			name = src;
			path = ../../../addons/ofxDirList/src;
			sourceTree = SOURCE_ROOT;
		};
		E4B960C011D2F729001A61C5 /* ofxThread */ = {
			isa = PBXGroup;
			children = (
			);
			name = ofxThread;
			path = ../../../addons/ofxThread;
			sourceTree = SOURCE_ROOT;
		};
		E4B960C411D2F729001A61C5 /* src */ = {
			isa = PBXGroup;
			children = (
			);
			name = src;
			path = ../../../addons/ofxThread/src;
			sourceTree = SOURCE_ROOT;
		};
		E4B960D511D2F745001A61C5 /* addons */ = {
			isa = PBXGroup;
			children = (
				E4B960C011D2F729001A61C5 /* ofxThread */,
				E4B960C411D2F729001A61C5 /* src */,
				E4B960C511D2F729001A61C5 /* ofxThread.cpp */,
				E4B960C611D2F729001A61C5 /* ofxThread.h */,
				E4B960B711D2F710001A61C5 /* ofxDirList */,
				E4B960A411D2F707001A61C5 /* ofxVectorMath */,
				E4B9608E11D2F6E6001A61C5 /* ofxXmlSettings */,
			);
			name = addons;
			sourceTree = "<group>";
		};
		E4B9667211D3E041001A61C5 /* ofxOsc */ = {
			isa = PBXGroup;
			children = (
				E4B9667311D3E041001A61C5 /* install.xml */,
				E4B9667411D3E041001A61C5 /* libs */,
				E4B9668911D3E041001A61C5 /* src */,
			);
			name = ofxOsc;
			path = ../../../addons/ofxOsc;
			sourceTree = SOURCE_ROOT;
		};
		E4B9667411D3E041001A61C5 /* libs */ = {
			isa = PBXGroup;
			children = (
				E4B9667511D3E041001A61C5 /* oscpack */,
			);
			name = libs;
			path = ../../../addons/ofxOsc/libs;
			sourceTree = SOURCE_ROOT;
		};
		E4B9667511D3E041001A61C5 /* oscpack */ = {
			isa = PBXGroup;
			children = (
				E4B9667611D3E041001A61C5 /* include */,
				E4B9668611D3E041001A61C5 /* lib */,
			);
			name = oscpack;
			path = ../../../addons/ofxOsc/libs/oscpack;
			sourceTree = SOURCE_ROOT;
		};
		E4B9667611D3E041001A61C5 /* include */ = {
			isa = PBXGroup;
			children = (
				E4B9667711D3E041001A61C5 /* ip */,
				E4B9667D11D3E041001A61C5 /* osc */,
			);
			name = include;
			path = ../../../addons/ofxOsc/libs/oscpack/include;
			sourceTree = SOURCE_ROOT;
		};
		E4B9667711D3E041001A61C5 /* ip */ = {
			isa = PBXGroup;
			children = (
				E4B9667811D3E041001A61C5 /* IpEndpointName.h */,
				E4B9667911D3E041001A61C5 /* NetworkingUtils.h */,
				E4B9667A11D3E041001A61C5 /* PacketListener.h */,
				E4B9667B11D3E041001A61C5 /* TimerListener.h */,
				E4B9667C11D3E041001A61C5 /* UdpSocket.h */,
			);
			name = ip;
			path = ../../../addons/ofxOsc/libs/oscpack/include/ip;
			sourceTree = SOURCE_ROOT;
		};
		E4B9667D11D3E041001A61C5 /* osc */ = {
			isa = PBXGroup;
			children = (
				E4B9667E11D3E041001A61C5 /* MessageMappingOscPacketListener.h */,
				E4B9667F11D3E041001A61C5 /* OscException.h */,
				E4B9668011D3E041001A61C5 /* OscHostEndianness.h */,
				E4B9668111D3E041001A61C5 /* OscOutboundPacketStream.h */,
				E4B9668211D3E041001A61C5 /* OscPacketListener.h */,
				E4B9668311D3E041001A61C5 /* OscPrintReceivedElements.h */,
				E4B9668411D3E041001A61C5 /* OscReceivedElements.h */,
				E4B9668511D3E041001A61C5 /* OscTypes.h */,
			);
			name = osc;
			path = ../../../addons/ofxOsc/libs/oscpack/include/osc;
			sourceTree = SOURCE_ROOT;
		};
		E4B9668611D3E041001A61C5 /* lib */ = {
			isa = PBXGroup;
			children = (
				E4B9668711D3E041001A61C5 /* osx */,
			);
			name = lib;
			path = ../../../addons/ofxOsc/libs/oscpack/lib;
			sourceTree = SOURCE_ROOT;
		};
		E4B9668711D3E041001A61C5 /* osx */ = {
			isa = PBXGroup;
			children = (
				E4B9668811D3E041001A61C5 /* osc.a */,
			);
			name = osx;
			path = ../../../addons/ofxOsc/libs/oscpack/lib/osx;
			sourceTree = SOURCE_ROOT;
		};
		E4B9668911D3E041001A61C5 /* src */ = {
			isa = PBXGroup;
			children = (
				E4B9668A11D3E041001A61C5 /* ofxOsc.h */,
				E4B9668B11D3E041001A61C5 /* ofxOscArg.h */,
				E4B9668C11D3E041001A61C5 /* ofxOscBundle.cpp */,
				E4B9668D11D3E041001A61C5 /* ofxOscBundle.h */,
				E4B9668E11D3E041001A61C5 /* ofxOscMessage.cpp */,
				E4B9668F11D3E041001A61C5 /* ofxOscMessage.h */,
				E4B9669011D3E041001A61C5 /* ofxOscReceiver.cpp */,
				E4B9669111D3E041001A61C5 /* ofxOscReceiver.h */,
				E4B9669211D3E041001A61C5 /* ofxOscSender.cpp */,
				E4B9669311D3E041001A61C5 /* ofxOscSender.h */,
			);
			name = src;
			path = ../../../addons/ofxOsc/src;
			sourceTree = SOURCE_ROOT;
		};
		E4C2421710CC549C004149E2 /* Products */ = {
			isa = PBXGroup;
			children = (
				E4C2421E10CC549C004149E2 /* openFrameworks.a */,
			);
			name = Products;
			sourceTree = "<group>";
		};
		E4C2422310CC54B6004149E2 /* openFrameworks */ = {
			isa = PBXGroup;
			children = (
				E4C2421610CC549C004149E2 /* openFrameworksLib.xcodeproj */,
			);
			name = openFrameworks;
			sourceTree = "<group>";
		};
		E4C2425B10CC5A78004149E2 /* glut */ = {
			isa = PBXGroup;
			children = (
				E4C2425D10CC5A78004149E2 /* lib */,
			);
			name = glut;
			path = ../../../libs/glut;
			sourceTree = SOURCE_ROOT;
		};
		E4C2425D10CC5A78004149E2 /* lib */ = {
			isa = PBXGroup;
			children = (
				E4C2425E10CC5A78004149E2 /* osx */,
			);
			name = lib;
			path = ../../../libs/glut/lib;
			sourceTree = SOURCE_ROOT;
		};
		E4C2425E10CC5A78004149E2 /* osx */ = {
			isa = PBXGroup;
			children = (
				E4C2425F10CC5A78004149E2 /* GLUT.framework */,
			);
			name = osx;
			path = ../../../libs/glut/lib/osx;
			sourceTree = SOURCE_ROOT;
		};
		E4C2427910CC5B66004149E2 /* osx */ = {
			isa = PBXGroup;
			children = (
				E4C2427A10CC5B66004149E2 /* CppUnit.a */,
				E4C2427B10CC5B66004149E2 /* PocoFoundation.a */,
				E4C2427C10CC5B66004149E2 /* PocoNet.a */,
				E4C2427D10CC5B66004149E2 /* PocoUtil.a */,
				E4C2427E10CC5B66004149E2 /* PocoXML.a */,
			);
			name = osx;
			path = ../../../libs/poco/lib/osx;
			sourceTree = SOURCE_ROOT;
		};
		E4C2428E10CC5C18004149E2 /* osx */ = {
			isa = PBXGroup;
			children = (
				E4C242CC10CC650E004149E2 /* libfmodex.dylib */,
			);
			name = osx;
			path = ../../../libs/fmodex/lib/osx;
			sourceTree = SOURCE_ROOT;
		};
		E4C2429210CC5C38004149E2 /* osx */ = {
			isa = PBXGroup;
			children = (
				E4C2429310CC5C38004149E2 /* freetype.a */,
			);
			name = osx;
			path = ../../../libs/freetype/lib/osx;
			sourceTree = SOURCE_ROOT;
		};
		E4C246D810CCAE22004149E2 /* osx */ = {
			isa = PBXGroup;
			children = (
				E4C246D910CCAE22004149E2 /* freeimage.a */,
			);
			name = osx;
			path = ../../../libs/FreeImage/lib/osx;
			sourceTree = SOURCE_ROOT;
		};
/* End PBXGroup section */

/* Begin PBXNativeTarget section */
		E4B69B5A0A3A1756003C02F2 /* emptyExample */ = {
			isa = PBXNativeTarget;
			buildConfigurationList = E4B69B5F0A3A1757003C02F2 /* Build configuration list for PBXNativeTarget "emptyExample" */;
			buildPhases = (
				E4B69B580A3A1756003C02F2 /* Sources */,
				E4B69B590A3A1756003C02F2 /* Frameworks */,
				E4B6FFFD0C3F9AB9008CF71C /* ShellScript */,
				E4C2427710CC5ABF004149E2 /* CopyFiles */,
				E4C2444710CC769B004149E2 /* CopyFiles */,
				E4B960E611D2F783001A61C5 /* CopyFiles */,
			);
			buildRules = (
			);
			dependencies = (
				E4C2422810CC54DA004149E2 /* PBXTargetDependency */,
			);
			name = emptyExample;
			productName = myOFApp;
			productReference = E4B69B5B0A3A1756003C02F2 /* emptyExample.app */;
			productType = "com.apple.product-type.application";
		};
/* End PBXNativeTarget section */

/* Begin PBXProject section */
		E4B69B4C0A3A1720003C02F2 /* Project object */ = {
			isa = PBXProject;
			buildConfigurationList = E4B69B4D0A3A1720003C02F2 /* Build configuration list for PBXProject "emptyExample" */;
			compatibilityVersion = "Xcode 2.4";
			hasScannedForEncodings = 0;
			mainGroup = E4B69B4A0A3A1720003C02F2;
			productRefGroup = E4B69B4A0A3A1720003C02F2;
			projectDirPath = "";
			projectReferences = (
				{
					ProductGroup = E4C2421710CC549C004149E2 /* Products */;
					ProjectRef = E4C2421610CC549C004149E2 /* openFrameworksLib.xcodeproj */;
				},
			);
			projectRoot = "";
			targets = (
				E4B69B5A0A3A1756003C02F2 /* emptyExample */,
			);
		};
/* End PBXProject section */

/* Begin PBXReferenceProxy section */
		E4C2421E10CC549C004149E2 /* openFrameworks.a */ = {
			isa = PBXReferenceProxy;
			fileType = archive.ar;
			path = openFrameworks.a;
			remoteRef = E4C2421D10CC549C004149E2 /* PBXContainerItemProxy */;
			sourceTree = BUILT_PRODUCTS_DIR;
		};
/* End PBXReferenceProxy section */

/* Begin PBXShellScriptBuildPhase section */
		E4B6FFFD0C3F9AB9008CF71C /* ShellScript */ = {
			isa = PBXShellScriptBuildPhase;
			buildActionMask = 2147483647;
			files = (
			);
			inputPaths = (
			);
			outputPaths = (
			);
			runOnlyForDeploymentPostprocessing = 0;
			shellPath = /bin/sh;
			shellScript = "cp -f ../../../libs/fmodex/lib/osx/libfmodex.dylib \"$TARGET_BUILD_DIR/$PRODUCT_NAME.app/Contents/MacOS/libfmodex.dylib\"\ninstall_name_tool -change ./libfmodex.dylib @executable_path/libfmodex.dylib \"$TARGET_BUILD_DIR/$PRODUCT_NAME.app/Contents/MacOS/$PRODUCT_NAME\" ";
		};
/* End PBXShellScriptBuildPhase section */

/* Begin PBXSourcesBuildPhase section */
		E4B69B580A3A1756003C02F2 /* Sources */ = {
			isa = PBXSourcesBuildPhase;
			buildActionMask = 2147483647;
			files = (
				E4B9602811D2F6A5001A61C5 /* ofx3DGraphics.cpp in Sources */,
				E4B9602911D2F6A5001A61C5 /* ofxCamera.cpp in Sources */,
				E4B9602A11D2F6A5001A61C5 /* ofxLight.cpp in Sources */,
				E4B9602B11D2F6A5001A61C5 /* EnvMap.m in Sources */,
				E4B9602C11D2F6A5001A61C5 /* Exhibit.m in Sources */,
				E4B9602D11D2F6A5001A61C5 /* glut_teapot.c in Sources */,
				E4B9602E11D2F6A5001A61C5 /* mat4.c in Sources */,
				E4B9602F11D2F6A5001A61C5 /* main.cpp in Sources */,
				E4B9603011D2F6A5001A61C5 /* scanPlayer.cpp in Sources */,
				E4B9603111D2F6A5001A61C5 /* threadedScanLoader.cpp in Sources */,
				E4B9603211D2F6A5001A61C5 /* testApp.cpp in Sources */,
				E4B9607111D2F6D6001A61C5 /* guiBaseObject.cpp in Sources */,
				E4B9607211D2F6D6001A61C5 /* guiCallback.cpp in Sources */,
				E4B9607311D2F6D6001A61C5 /* guiCallbackValue.cpp in Sources */,
				E4B9607411D2F6D6001A61C5 /* guiColor.cpp in Sources */,
				E4B9607511D2F6D6001A61C5 /* guiTextBase.cpp in Sources */,
				E4B9607611D2F6D6001A61C5 /* guiType2DSlider.cpp in Sources */,
				E4B9607711D2F6D6001A61C5 /* guiTypeButtonSlider.cpp in Sources */,
				E4B9607811D2F6D6001A61C5 /* guiTypeChartPlotter.cpp in Sources */,
				E4B9607911D2F6D6001A61C5 /* guiTypeCustom.cpp in Sources */,
				E4B9607A11D2F6D6001A61C5 /* guiTypeDrawable.cpp in Sources */,
				E4B9607B11D2F6D6001A61C5 /* guiTypeFileLister.cpp in Sources */,
				E4B9607C11D2F6D6001A61C5 /* guiTypeLogger.cpp in Sources */,
				E4B9607D11D2F6D6001A61C5 /* guiTypeMultiToggle.cpp in Sources */,
				E4B9607E11D2F6D6001A61C5 /* guiTypePanel.cpp in Sources */,
				E4B9607F11D2F6D6001A61C5 /* guiTypeSlider.cpp in Sources */,
				E4B9608011D2F6D6001A61C5 /* guiTypeText.cpp in Sources */,
				E4B9608111D2F6D6001A61C5 /* guiTypeTextDropDown.cpp in Sources */,
				E4B9608211D2F6D6001A61C5 /* guiTypeToggle.cpp in Sources */,
				E4B9608311D2F6D6001A61C5 /* guiTypeVairableLister.cpp in Sources */,
				E4B9608411D2F6D6001A61C5 /* guiTypeVideo.cpp in Sources */,
				E4B9608511D2F6D6001A61C5 /* guiValue.cpp in Sources */,
				E4B9608611D2F6D6001A61C5 /* ofxControlPanel.cpp in Sources */,
				E4B9608711D2F6D6001A61C5 /* simpleColor.cpp in Sources */,
				E4B9608811D2F6D6001A61C5 /* simpleFileLister.cpp in Sources */,
				E4B9608911D2F6D6001A61C5 /* simpleLogger.cpp in Sources */,
				E4B9609811D2F6E6001A61C5 /* tinyxml.cpp in Sources */,
				E4B9609911D2F6E6001A61C5 /* tinyxmlerror.cpp in Sources */,
				E4B9609A11D2F6E6001A61C5 /* tinyxmlparser.cpp in Sources */,
				E4B9609B11D2F6E6001A61C5 /* ofxXmlSettings.cpp in Sources */,
				E4B960B411D2F707001A61C5 /* ofxMatrix3x3.cpp in Sources */,
				E4B960B511D2F707001A61C5 /* ofxMatrix4x4.cpp in Sources */,
				E4B960B611D2F707001A61C5 /* ofxQuaternion.cpp in Sources */,
				E4B960BE11D2F710001A61C5 /* ofxDirList.cpp in Sources */,
				E4B960C711D2F729001A61C5 /* ofxThread.cpp in Sources */,
				E4B9664E11D3E01D001A61C5 /* scanNotifier.cpp in Sources */,
				E4B9669511D3E041001A61C5 /* ofxOscBundle.cpp in Sources */,
				E4B9669611D3E041001A61C5 /* ofxOscMessage.cpp in Sources */,
				E4B9669711D3E041001A61C5 /* ofxOscReceiver.cpp in Sources */,
				E4B9669811D3E041001A61C5 /* ofxOscSender.cpp in Sources */,
				E416CAFD11D43DC400B6836B /* histogramGuiElement.cpp in Sources */,
				E416CB7C11D44ACC00B6836B /* ofxFBOTexture.cpp in Sources */,
				E498BB9211D52E700099A63E /* scanMesh.cpp in Sources */,
			);
			runOnlyForDeploymentPostprocessing = 0;
		};
/* End PBXSourcesBuildPhase section */

/* Begin PBXTargetDependency section */
		E4C2422810CC54DA004149E2 /* PBXTargetDependency */ = {
			isa = PBXTargetDependency;
			name = openFrameworks;
			targetProxy = E4C2422710CC54DA004149E2 /* PBXContainerItemProxy */;
		};
/* End PBXTargetDependency section */

/* Begin XCBuildConfiguration section */
		E4B27CA010CBF8A600536013 /* ReleaseUniversal */ = {
			isa = XCBuildConfiguration;
			buildSettings = {
				ARCHS = (
					ppc,
					i386,
				);
				CONFIGURATION_BUILD_DIR = "$(SRCROOT)/bin/";
				COPY_PHASE_STRIP = YES;
				DEAD_CODE_STRIPPING = YES;
				GCC_AUTO_VECTORIZATION = YES;
				GCC_ENABLE_SSE3_EXTENSIONS = YES;
				GCC_ENABLE_SUPPLEMENTAL_SSE3_INSTRUCTIONS = YES;
				GCC_INLINES_ARE_PRIVATE_EXTERN = NO;
				GCC_MODEL_TUNING = G5;
				GCC_OPTIMIZATION_LEVEL = 3;
				GCC_SYMBOLS_PRIVATE_EXTERN = NO;
				GCC_UNROLL_LOOPS = YES;
				GCC_WARN_ABOUT_DEPRECATED_FUNCTIONS = NO;
				GCC_WARN_ABOUT_INVALID_OFFSETOF_MACRO = NO;
				GCC_WARN_ALLOW_INCOMPLETE_PROTOCOL = NO;
				GCC_WARN_UNINITIALIZED_AUTOS = NO;
				GCC_WARN_UNUSED_VALUE = NO;
				GCC_WARN_UNUSED_VARIABLE = NO;
				HEADER_SEARCH_PATHS = (
					"../../../libs/openFrameworks/**",
					../../../libs/freetype/include/,
					../../../libs/freetype/include/freetype2,
					../../../libs/poco/include,
					../../../addons/,
				);
				OTHER_CPLUSPLUSFLAGS = (
					"-D__MACOSX_CORE__",
					"-lpthread",
				);
				OTHER_LDFLAGS = "";
				SDKROOT = /Developer/SDKs/MacOSX10.5.sdk;
			};
			name = ReleaseUniversal;
		};
		E4B27CA110CBF8A600536013 /* ReleaseUniversal */ = {
			isa = XCBuildConfiguration;
			buildSettings = {
				COPY_PHASE_STRIP = YES;
				FRAMEWORK_SEARCH_PATHS = (
					"$(inherited)",
					"$(FRAMEWORK_SEARCH_PATHS_QUOTED_FOR_TARGET_1)",
				);
				FRAMEWORK_SEARCH_PATHS_QUOTED_FOR_TARGET_1 = "\"$(SRCROOT)/../../../libs/glut/lib/osx\"";
				GCC_ENABLE_FIX_AND_CONTINUE = NO;
				GCC_GENERATE_DEBUGGING_SYMBOLS = NO;
				GCC_MODEL_TUNING = G4;
				GCC_PRECOMPILE_PREFIX_HEADER = YES;
				GCC_PREFIX_HEADER = "$(SYSTEM_LIBRARY_DIR)/Frameworks/Carbon.framework/Headers/Carbon.h";
				INFOPLIST_FILE = "openFrameworks-Info.plist";
				INSTALL_PATH = "$(HOME)/Applications";
				LIBRARY_SEARCH_PATHS = (
					"$(inherited)",
					"$(LIBRARY_SEARCH_PATHS_QUOTED_FOR_TARGET_1)",
					"$(LIBRARY_SEARCH_PATHS_QUOTED_FOR_TARGET_2)",
					"$(LIBRARY_SEARCH_PATHS_QUOTED_FOR_TARGET_3)",
					"$(LIBRARY_SEARCH_PATHS_QUOTED_FOR_TARGET_4)",
					"$(LIBRARY_SEARCH_PATHS_QUOTED_FOR_TARGET_5)",
					"$(LIBRARY_SEARCH_PATHS_QUOTED_FOR_TARGET_6)",
					"$(LIBRARY_SEARCH_PATHS_QUOTED_FOR_TARGET_7)",
					"$(LIBRARY_SEARCH_PATHS_QUOTED_FOR_TARGET_8)",
					"$(LIBRARY_SEARCH_PATHS_QUOTED_FOR_TARGET_9)",
					"$(LIBRARY_SEARCH_PATHS_QUOTED_FOR_TARGET_10)",
					"$(LIBRARY_SEARCH_PATHS_QUOTED_FOR_TARGET_11)",
					"$(LIBRARY_SEARCH_PATHS_QUOTED_FOR_TARGET_12)",
					"$(LIBRARY_SEARCH_PATHS_QUOTED_FOR_TARGET_13)",
					"$(LIBRARY_SEARCH_PATHS_QUOTED_FOR_TARGET_14)",
					"$(LIBRARY_SEARCH_PATHS_QUOTED_FOR_TARGET_15)",
					"$(LIBRARY_SEARCH_PATHS_QUOTED_FOR_TARGET_2)",
					"$(LIBRARY_SEARCH_PATHS_QUOTED_FOR_TARGET_3)",
				);
				LIBRARY_SEARCH_PATHS_QUOTED_FOR_TARGET_1 = "\"$(SRCROOT)/../../../libs/freeimage/lib/osx\"";
				LIBRARY_SEARCH_PATHS_QUOTED_FOR_TARGET_14 = "\"$(SRCROOT)/../../../libs/fmodex/lib/osx\"";
				LIBRARY_SEARCH_PATHS_QUOTED_FOR_TARGET_15 = "\"$(SRCROOT)/../../../libs/freetype/lib/osx\"";
				LIBRARY_SEARCH_PATHS_QUOTED_FOR_TARGET_2 = "\"$(SRCROOT)/../../../libs/FreeImage/lib/osx\"";
				LIBRARY_SEARCH_PATHS_QUOTED_FOR_TARGET_3 = "\"$(SRCROOT)/../../../addons/ofxOsc/libs/oscpack/lib/osx\"";
				LIBRARY_SEARCH_PATHS_QUOTED_FOR_TARGET_4 = "\"$(SRCROOT)/../../../libs/GLee/lib/osx\"";
				LIBRARY_SEARCH_PATHS_QUOTED_FOR_TARGET_5 = "\"$(SRCROOT)/../../../libs/poco/lib/osx\"";
				LIBRARY_SEARCH_PATHS_QUOTED_FOR_TARGET_6 = "\"$(SRCROOT)/../../../libs/rtAudio/lib/osx\"";
				PREBINDING = NO;
				PRODUCT_NAME = "$(TARGET_NAME)Universal";
				WRAPPER_EXTENSION = app;
				ZERO_LINK = NO;
			};
			name = ReleaseUniversal;
		};
		E4B69B4E0A3A1720003C02F2 /* Debug */ = {
			isa = XCBuildConfiguration;
			buildSettings = {
				ARCHS = "$(NATIVE_ARCH)";
				CONFIGURATION_BUILD_DIR = "$(SRCROOT)/bin/";
				COPY_PHASE_STRIP = NO;
				DEAD_CODE_STRIPPING = YES;
				GCC_AUTO_VECTORIZATION = YES;
				GCC_ENABLE_SSE3_EXTENSIONS = YES;
				GCC_ENABLE_SUPPLEMENTAL_SSE3_INSTRUCTIONS = YES;
				GCC_INLINES_ARE_PRIVATE_EXTERN = NO;
				GCC_MODEL_TUNING = G5;
				GCC_SYMBOLS_PRIVATE_EXTERN = NO;
				GCC_WARN_ABOUT_DEPRECATED_FUNCTIONS = NO;
				GCC_WARN_ABOUT_INVALID_OFFSETOF_MACRO = NO;
				GCC_WARN_ALLOW_INCOMPLETE_PROTOCOL = NO;
				GCC_WARN_UNINITIALIZED_AUTOS = NO;
				GCC_WARN_UNUSED_VALUE = NO;
				GCC_WARN_UNUSED_VARIABLE = NO;
				HEADER_SEARCH_PATHS = (
					"../../../libs/openFrameworks/**",
					../../../libs/freetype/include/,
					../../../libs/freetype/include/freetype2,
					../../../libs/poco/include,
					../../../addons/,
				);
				OTHER_CPLUSPLUSFLAGS = (
					"-D__MACOSX_CORE__",
					"-lpthread",
				);
				OTHER_LDFLAGS = "";
				SDKROOT = /Developer/SDKs/MacOSX10.5.sdk;
			};
			name = Debug;
		};
		E4B69B4F0A3A1720003C02F2 /* Release */ = {
			isa = XCBuildConfiguration;
			buildSettings = {
				ARCHS = "$(NATIVE_ARCH)";
				CONFIGURATION_BUILD_DIR = "$(SRCROOT)/bin/";
				COPY_PHASE_STRIP = YES;
				DEAD_CODE_STRIPPING = YES;
				GCC_AUTO_VECTORIZATION = YES;
				GCC_ENABLE_SSE3_EXTENSIONS = YES;
				GCC_ENABLE_SUPPLEMENTAL_SSE3_INSTRUCTIONS = YES;
				GCC_INLINES_ARE_PRIVATE_EXTERN = NO;
				GCC_MODEL_TUNING = G5;
				GCC_OPTIMIZATION_LEVEL = 3;
				GCC_SYMBOLS_PRIVATE_EXTERN = NO;
				GCC_UNROLL_LOOPS = YES;
				GCC_WARN_ABOUT_DEPRECATED_FUNCTIONS = NO;
				GCC_WARN_ABOUT_INVALID_OFFSETOF_MACRO = NO;
				GCC_WARN_ALLOW_INCOMPLETE_PROTOCOL = NO;
				GCC_WARN_UNINITIALIZED_AUTOS = NO;
				GCC_WARN_UNUSED_VALUE = NO;
				GCC_WARN_UNUSED_VARIABLE = NO;
				HEADER_SEARCH_PATHS = (
					"../../../libs/openFrameworks/**",
					../../../libs/freetype/include/,
					../../../libs/freetype/include/freetype2,
					../../../libs/poco/include,
					../../../addons/,
				);
				OTHER_CPLUSPLUSFLAGS = (
					"-D__MACOSX_CORE__",
					"-lpthread",
				);
				OTHER_LDFLAGS = "";
				SDKROOT = /Developer/SDKs/MacOSX10.5.sdk;
			};
			name = Release;
		};
		E4B69B600A3A1757003C02F2 /* Debug */ = {
			isa = XCBuildConfiguration;
			buildSettings = {
				COPY_PHASE_STRIP = NO;
				FRAMEWORK_SEARCH_PATHS = (
					"$(inherited)",
					"$(FRAMEWORK_SEARCH_PATHS_QUOTED_FOR_TARGET_1)",
				);
				FRAMEWORK_SEARCH_PATHS_QUOTED_FOR_TARGET_1 = "\"$(SRCROOT)/../../../libs/glut/lib/osx\"";
				GCC_DYNAMIC_NO_PIC = NO;
				GCC_ENABLE_FIX_AND_CONTINUE = YES;
				GCC_GENERATE_DEBUGGING_SYMBOLS = YES;
				GCC_MODEL_TUNING = G4;
				GCC_OPTIMIZATION_LEVEL = 0;
				GCC_PRECOMPILE_PREFIX_HEADER = YES;
				GCC_PREFIX_HEADER = "$(SYSTEM_LIBRARY_DIR)/Frameworks/Carbon.framework/Headers/Carbon.h";
				INFOPLIST_FILE = "openFrameworks-Info.plist";
				INSTALL_PATH = "$(HOME)/Applications";
				LIBRARY_SEARCH_PATHS = (
					"$(inherited)",
					"$(LIBRARY_SEARCH_PATHS_QUOTED_FOR_TARGET_1)",
					"$(LIBRARY_SEARCH_PATHS_QUOTED_FOR_TARGET_2)",
					"$(LIBRARY_SEARCH_PATHS_QUOTED_FOR_TARGET_3)",
					"$(LIBRARY_SEARCH_PATHS_QUOTED_FOR_TARGET_4)",
					"$(LIBRARY_SEARCH_PATHS_QUOTED_FOR_TARGET_5)",
					"$(LIBRARY_SEARCH_PATHS_QUOTED_FOR_TARGET_6)",
					"$(LIBRARY_SEARCH_PATHS_QUOTED_FOR_TARGET_7)",
					"$(LIBRARY_SEARCH_PATHS_QUOTED_FOR_TARGET_8)",
					"$(LIBRARY_SEARCH_PATHS_QUOTED_FOR_TARGET_9)",
					"$(LIBRARY_SEARCH_PATHS_QUOTED_FOR_TARGET_10)",
					"$(LIBRARY_SEARCH_PATHS_QUOTED_FOR_TARGET_11)",
					"$(LIBRARY_SEARCH_PATHS_QUOTED_FOR_TARGET_12)",
					"$(LIBRARY_SEARCH_PATHS_QUOTED_FOR_TARGET_13)",
					"$(LIBRARY_SEARCH_PATHS_QUOTED_FOR_TARGET_14)",
					"$(LIBRARY_SEARCH_PATHS_QUOTED_FOR_TARGET_15)",
					"$(LIBRARY_SEARCH_PATHS_QUOTED_FOR_TARGET_2)",
					"$(LIBRARY_SEARCH_PATHS_QUOTED_FOR_TARGET_3)",
				);
				LIBRARY_SEARCH_PATHS_QUOTED_FOR_TARGET_1 = "\"$(SRCROOT)/../../../libs/freeimage/lib/osx\"";
				LIBRARY_SEARCH_PATHS_QUOTED_FOR_TARGET_14 = "\"$(SRCROOT)/../../../libs/fmodex/lib/osx\"";
				LIBRARY_SEARCH_PATHS_QUOTED_FOR_TARGET_15 = "\"$(SRCROOT)/../../../libs/freetype/lib/osx\"";
				LIBRARY_SEARCH_PATHS_QUOTED_FOR_TARGET_2 = "\"$(SRCROOT)/../../../libs/FreeImage/lib/osx\"";
				LIBRARY_SEARCH_PATHS_QUOTED_FOR_TARGET_3 = "\"$(SRCROOT)/../../../addons/ofxOsc/libs/oscpack/lib/osx\"";
				LIBRARY_SEARCH_PATHS_QUOTED_FOR_TARGET_4 = "\"$(SRCROOT)/../../../libs/GLee/lib/osx\"";
				LIBRARY_SEARCH_PATHS_QUOTED_FOR_TARGET_5 = "\"$(SRCROOT)/../../../libs/poco/lib/osx\"";
				LIBRARY_SEARCH_PATHS_QUOTED_FOR_TARGET_6 = "\"$(SRCROOT)/../../../libs/rtAudio/lib/osx\"";
				PREBINDING = NO;
				PRODUCT_NAME = "$(TARGET_NAME)Debug";
				WRAPPER_EXTENSION = app;
				ZERO_LINK = NO;
			};
			name = Debug;
		};
		E4B69B610A3A1757003C02F2 /* Release */ = {
			isa = XCBuildConfiguration;
			buildSettings = {
				COPY_PHASE_STRIP = YES;
				FRAMEWORK_SEARCH_PATHS = (
					"$(inherited)",
					"$(FRAMEWORK_SEARCH_PATHS_QUOTED_FOR_TARGET_1)",
				);
				FRAMEWORK_SEARCH_PATHS_QUOTED_FOR_TARGET_1 = "\"$(SRCROOT)/../../../libs/glut/lib/osx\"";
				GCC_ENABLE_FIX_AND_CONTINUE = NO;
				GCC_GENERATE_DEBUGGING_SYMBOLS = NO;
				GCC_MODEL_TUNING = G4;
				GCC_PRECOMPILE_PREFIX_HEADER = YES;
				GCC_PREFIX_HEADER = "$(SYSTEM_LIBRARY_DIR)/Frameworks/Carbon.framework/Headers/Carbon.h";
				INFOPLIST_FILE = "openFrameworks-Info.plist";
				INSTALL_PATH = "$(HOME)/Applications";
				LIBRARY_SEARCH_PATHS = (
					"$(inherited)",
					"$(LIBRARY_SEARCH_PATHS_QUOTED_FOR_TARGET_1)",
					"$(LIBRARY_SEARCH_PATHS_QUOTED_FOR_TARGET_2)",
					"$(LIBRARY_SEARCH_PATHS_QUOTED_FOR_TARGET_3)",
					"$(LIBRARY_SEARCH_PATHS_QUOTED_FOR_TARGET_4)",
					"$(LIBRARY_SEARCH_PATHS_QUOTED_FOR_TARGET_5)",
					"$(LIBRARY_SEARCH_PATHS_QUOTED_FOR_TARGET_6)",
					"$(LIBRARY_SEARCH_PATHS_QUOTED_FOR_TARGET_7)",
					"$(LIBRARY_SEARCH_PATHS_QUOTED_FOR_TARGET_8)",
					"$(LIBRARY_SEARCH_PATHS_QUOTED_FOR_TARGET_9)",
					"$(LIBRARY_SEARCH_PATHS_QUOTED_FOR_TARGET_10)",
					"$(LIBRARY_SEARCH_PATHS_QUOTED_FOR_TARGET_11)",
					"$(LIBRARY_SEARCH_PATHS_QUOTED_FOR_TARGET_12)",
					"$(LIBRARY_SEARCH_PATHS_QUOTED_FOR_TARGET_13)",
					"$(LIBRARY_SEARCH_PATHS_QUOTED_FOR_TARGET_14)",
					"$(LIBRARY_SEARCH_PATHS_QUOTED_FOR_TARGET_15)",
					"$(LIBRARY_SEARCH_PATHS_QUOTED_FOR_TARGET_2)",
					"$(LIBRARY_SEARCH_PATHS_QUOTED_FOR_TARGET_3)",
				);
				LIBRARY_SEARCH_PATHS_QUOTED_FOR_TARGET_1 = "\"$(SRCROOT)/../../../libs/freeimage/lib/osx\"";
				LIBRARY_SEARCH_PATHS_QUOTED_FOR_TARGET_14 = "\"$(SRCROOT)/../../../libs/fmodex/lib/osx\"";
				LIBRARY_SEARCH_PATHS_QUOTED_FOR_TARGET_15 = "\"$(SRCROOT)/../../../libs/freetype/lib/osx\"";
				LIBRARY_SEARCH_PATHS_QUOTED_FOR_TARGET_2 = "\"$(SRCROOT)/../../../libs/FreeImage/lib/osx\"";
				LIBRARY_SEARCH_PATHS_QUOTED_FOR_TARGET_3 = "\"$(SRCROOT)/../../../addons/ofxOsc/libs/oscpack/lib/osx\"";
				LIBRARY_SEARCH_PATHS_QUOTED_FOR_TARGET_4 = "\"$(SRCROOT)/../../../libs/GLee/lib/osx\"";
				LIBRARY_SEARCH_PATHS_QUOTED_FOR_TARGET_5 = "\"$(SRCROOT)/../../../libs/poco/lib/osx\"";
				LIBRARY_SEARCH_PATHS_QUOTED_FOR_TARGET_6 = "\"$(SRCROOT)/../../../libs/rtAudio/lib/osx\"";
				PREBINDING = NO;
				PRODUCT_NAME = "$(TARGET_NAME)";
				WRAPPER_EXTENSION = app;
				ZERO_LINK = NO;
			};
			name = Release;
		};
/* End XCBuildConfiguration section */

/* Begin XCConfigurationList section */
		E4B69B4D0A3A1720003C02F2 /* Build configuration list for PBXProject "emptyExample" */ = {
			isa = XCConfigurationList;
			buildConfigurations = (
				E4B69B4E0A3A1720003C02F2 /* Debug */,
				E4B69B4F0A3A1720003C02F2 /* Release */,
				E4B27CA010CBF8A600536013 /* ReleaseUniversal */,
			);
			defaultConfigurationIsVisible = 0;
			defaultConfigurationName = Release;
		};
		E4B69B5F0A3A1757003C02F2 /* Build configuration list for PBXNativeTarget "emptyExample" */ = {
			isa = XCConfigurationList;
			buildConfigurations = (
				E4B69B600A3A1757003C02F2 /* Debug */,
				E4B69B610A3A1757003C02F2 /* Release */,
				E4B27CA110CBF8A600536013 /* ReleaseUniversal */,
			);
			defaultConfigurationIsVisible = 0;
			defaultConfigurationName = Release;
		};
/* End XCConfigurationList section */
	};
	rootObject = E4B69B4C0A3A1720003C02F2 /* Project object */;
}
